// !$*UTF8*$!
{
	archiveVersion = 1;
	classes = {
	};
	objectVersion = 55;
	objects = {

/* Begin PBXBuildFile section */
		A33A396527FDD77D00FEC51C /* TabBarIcon.swift in Sources */ = {isa = PBXBuildFile; fileRef = A33A396427FDD77D00FEC51C /* TabBarIcon.swift */; };
		A365D7A627FD88AA00AE4647 /* FavoritesButton.swift in Sources */ = {isa = PBXBuildFile; fileRef = A365D7A527FD88AA00AE4647 /* FavoritesButton.swift */; };
		A365D7AA27FDA3D900AE4647 /* MenuView.swift in Sources */ = {isa = PBXBuildFile; fileRef = A365D7A927FDA3D900AE4647 /* MenuView.swift */; };
		A381835F27C4D6ED00D94DD0 /* Gig_mdApp.swift in Sources */ = {isa = PBXBuildFile; fileRef = A381835E27C4D6ED00D94DD0 /* Gig_mdApp.swift */; };
		A381836327C4D6F500D94DD0 /* Assets.xcassets in Resources */ = {isa = PBXBuildFile; fileRef = A381836227C4D6F500D94DD0 /* Assets.xcassets */; };
		A381836627C4D6F500D94DD0 /* Preview Assets.xcassets in Resources */ = {isa = PBXBuildFile; fileRef = A381836527C4D6F500D94DD0 /* Preview Assets.xcassets */; };
		A381836E27C4EF7E00D94DD0 /* LoginView.swift in Sources */ = {isa = PBXBuildFile; fileRef = A381836D27C4EF7E00D94DD0 /* LoginView.swift */; };
		A381837027C4FED100D94DD0 /* SignUpView.swift in Sources */ = {isa = PBXBuildFile; fileRef = A381836F27C4FED100D94DD0 /* SignUpView.swift */; };
		A381837227C5034C00D94DD0 /* Checkbox.swift in Sources */ = {isa = PBXBuildFile; fileRef = A381837127C5034C00D94DD0 /* Checkbox.swift */; };
		A381837427CFA62000D94DD0 /* OnboardingView.swift in Sources */ = {isa = PBXBuildFile; fileRef = A381837327CFA61F00D94DD0 /* OnboardingView.swift */; };
		A3A9C5AA27FED44B000F96E1 /* TabBarRouter.swift in Sources */ = {isa = PBXBuildFile; fileRef = A3A9C5A927FED44B000F96E1 /* TabBarRouter.swift */; };
		A3A9C5AC27FED5A3000F96E1 /* CircleButton.swift in Sources */ = {isa = PBXBuildFile; fileRef = A3A9C5AB27FED5A3000F96E1 /* CircleButton.swift */; };
		A3A9C5AE27FEF03D000F96E1 /* PlusMenuView.swift in Sources */ = {isa = PBXBuildFile; fileRef = A3A9C5AD27FEF03D000F96E1 /* PlusMenuView.swift */; };
		A3A9C5BC280049A8000F96E1 /* DetailPageView.swift in Sources */ = {isa = PBXBuildFile; fileRef = A3A9C5BB280049A8000F96E1 /* DetailPageView.swift */; };
		A3A9C5C0280076BD000F96E1 /* SplashView.swift in Sources */ = {isa = PBXBuildFile; fileRef = A3A9C5BF280076BD000F96E1 /* SplashView.swift */; };
		A3A9C5C228041BFE000F96E1 /* MenuButtonView.swift in Sources */ = {isa = PBXBuildFile; fileRef = A3A9C5C128041BFE000F96E1 /* MenuButtonView.swift */; };
		A3A9C5C628084958000F96E1 /* FilterView.swift in Sources */ = {isa = PBXBuildFile; fileRef = A3A9C5C528084958000F96E1 /* FilterView.swift */; };
		A3A9C5C928085FFD000F96E1 /* DropDown.swift in Sources */ = {isa = PBXBuildFile; fileRef = A3A9C5C828085FFD000F96E1 /* DropDown.swift */; };
		A3ABC79327FC4CF600138E9C /* JobRowView.swift in Sources */ = {isa = PBXBuildFile; fileRef = A3ABC79227FC4CF600138E9C /* JobRowView.swift */; };
		A3ABC79527FC61FD00138E9C /* WorkerModel.swift in Sources */ = {isa = PBXBuildFile; fileRef = A3ABC79427FC61FD00138E9C /* WorkerModel.swift */; };
		A3ABC79727FC632F00138E9C /* TestInfo.swift in Sources */ = {isa = PBXBuildFile; fileRef = A3ABC79627FC632F00138E9C /* TestInfo.swift */; };
		A3ABC79A27FC6B0900138E9C /* WorkerRowView.swift in Sources */ = {isa = PBXBuildFile; fileRef = A3ABC79927FC6B0900138E9C /* WorkerRowView.swift */; };
		A3ABC79C27FC81B000138E9C /* JobListView.swift in Sources */ = {isa = PBXBuildFile; fileRef = A3ABC79B27FC81B000138E9C /* JobListView.swift */; };
		A3ABC79E27FC81FD00138E9C /* WorkersListView.swift in Sources */ = {isa = PBXBuildFile; fileRef = A3ABC79D27FC81FD00138E9C /* WorkersListView.swift */; };
		A3C1C16627F1F06100C216C8 /* CustomTextField.swift in Sources */ = {isa = PBXBuildFile; fileRef = A3C1C16527F1F06100C216C8 /* CustomTextField.swift */; };
		A3C1C16827F1F78D00C216C8 /* CustomExternalAuthButton.swift in Sources */ = {isa = PBXBuildFile; fileRef = A3C1C16727F1F78D00C216C8 /* CustomExternalAuthButton.swift */; };
		A3C1C16A27F5957600C216C8 /* CustomButton.swift in Sources */ = {isa = PBXBuildFile; fileRef = A3C1C16927F5957600C216C8 /* CustomButton.swift */; };
		A3C1C16C27F5977500C216C8 /* ORView.swift in Sources */ = {isa = PBXBuildFile; fileRef = A3C1C16B27F5977500C216C8 /* ORView.swift */; };
		A3C1C17927F5D41800C216C8 /* FeedView.swift in Sources */ = {isa = PBXBuildFile; fileRef = A3C1C17827F5D41800C216C8 /* FeedView.swift */; };
		A3C1C17C27F5D68C00C216C8 /* JobModel.swift in Sources */ = {isa = PBXBuildFile; fileRef = A3C1C17B27F5D68C00C216C8 /* JobModel.swift */; };
/* End PBXBuildFile section */

/* Begin PBXFileReference section */
		A33A396427FDD77D00FEC51C /* TabBarIcon.swift */ = {isa = PBXFileReference; lastKnownFileType = sourcecode.swift; path = TabBarIcon.swift; sourceTree = "<group>"; };
		A365D7A527FD88AA00AE4647 /* FavoritesButton.swift */ = {isa = PBXFileReference; lastKnownFileType = sourcecode.swift; path = FavoritesButton.swift; sourceTree = "<group>"; };
		A365D7A927FDA3D900AE4647 /* MenuView.swift */ = {isa = PBXFileReference; lastKnownFileType = sourcecode.swift; path = MenuView.swift; sourceTree = "<group>"; };
		A381835B27C4D6ED00D94DD0 /* Gig.md.app */ = {isa = PBXFileReference; explicitFileType = wrapper.application; includeInIndex = 0; path = Gig.md.app; sourceTree = BUILT_PRODUCTS_DIR; };
		A381835E27C4D6ED00D94DD0 /* Gig_mdApp.swift */ = {isa = PBXFileReference; lastKnownFileType = sourcecode.swift; path = Gig_mdApp.swift; sourceTree = "<group>"; };
		A381836227C4D6F500D94DD0 /* Assets.xcassets */ = {isa = PBXFileReference; lastKnownFileType = folder.assetcatalog; path = Assets.xcassets; sourceTree = "<group>"; };
		A381836527C4D6F500D94DD0 /* Preview Assets.xcassets */ = {isa = PBXFileReference; lastKnownFileType = folder.assetcatalog; path = "Preview Assets.xcassets"; sourceTree = "<group>"; };
		A381836C27C4E55100D94DD0 /* Gig-md-Info.plist */ = {isa = PBXFileReference; lastKnownFileType = text.plist; path = "Gig-md-Info.plist"; sourceTree = SOURCE_ROOT; };
		A381836D27C4EF7E00D94DD0 /* LoginView.swift */ = {isa = PBXFileReference; lastKnownFileType = sourcecode.swift; path = LoginView.swift; sourceTree = "<group>"; };
		A381836F27C4FED100D94DD0 /* SignUpView.swift */ = {isa = PBXFileReference; lastKnownFileType = sourcecode.swift; path = SignUpView.swift; sourceTree = "<group>"; };
		A381837127C5034C00D94DD0 /* Checkbox.swift */ = {isa = PBXFileReference; lastKnownFileType = sourcecode.swift; path = Checkbox.swift; sourceTree = "<group>"; };
		A381837327CFA61F00D94DD0 /* OnboardingView.swift */ = {isa = PBXFileReference; lastKnownFileType = sourcecode.swift; path = OnboardingView.swift; sourceTree = "<group>"; };
		A3A9C5A927FED44B000F96E1 /* TabBarRouter.swift */ = {isa = PBXFileReference; lastKnownFileType = sourcecode.swift; path = TabBarRouter.swift; sourceTree = "<group>"; };
		A3A9C5AB27FED5A3000F96E1 /* CircleButton.swift */ = {isa = PBXFileReference; lastKnownFileType = sourcecode.swift; path = CircleButton.swift; sourceTree = "<group>"; };
		A3A9C5AD27FEF03D000F96E1 /* PlusMenuView.swift */ = {isa = PBXFileReference; lastKnownFileType = sourcecode.swift; path = PlusMenuView.swift; sourceTree = "<group>"; };
		A3A9C5BB280049A8000F96E1 /* DetailPageView.swift */ = {isa = PBXFileReference; lastKnownFileType = sourcecode.swift; path = DetailPageView.swift; sourceTree = "<group>"; };
		A3A9C5BF280076BD000F96E1 /* SplashView.swift */ = {isa = PBXFileReference; lastKnownFileType = sourcecode.swift; path = SplashView.swift; sourceTree = "<group>"; };
		A3A9C5C128041BFE000F96E1 /* MenuButtonView.swift */ = {isa = PBXFileReference; lastKnownFileType = sourcecode.swift; path = MenuButtonView.swift; sourceTree = "<group>"; };
		A3A9C5C528084958000F96E1 /* FilterView.swift */ = {isa = PBXFileReference; lastKnownFileType = sourcecode.swift; path = FilterView.swift; sourceTree = "<group>"; };
		A3A9C5C828085FFD000F96E1 /* DropDown.swift */ = {isa = PBXFileReference; lastKnownFileType = sourcecode.swift; path = DropDown.swift; sourceTree = "<group>"; };
		A3ABC79227FC4CF600138E9C /* JobRowView.swift */ = {isa = PBXFileReference; lastKnownFileType = sourcecode.swift; path = JobRowView.swift; sourceTree = "<group>"; };
		A3ABC79427FC61FD00138E9C /* WorkerModel.swift */ = {isa = PBXFileReference; lastKnownFileType = sourcecode.swift; path = WorkerModel.swift; sourceTree = "<group>"; };
		A3ABC79627FC632F00138E9C /* TestInfo.swift */ = {isa = PBXFileReference; lastKnownFileType = sourcecode.swift; path = TestInfo.swift; sourceTree = "<group>"; };
		A3ABC79927FC6B0900138E9C /* WorkerRowView.swift */ = {isa = PBXFileReference; lastKnownFileType = sourcecode.swift; path = WorkerRowView.swift; sourceTree = "<group>"; };
		A3ABC79B27FC81B000138E9C /* JobListView.swift */ = {isa = PBXFileReference; lastKnownFileType = sourcecode.swift; path = JobListView.swift; sourceTree = "<group>"; };
		A3ABC79D27FC81FD00138E9C /* WorkersListView.swift */ = {isa = PBXFileReference; lastKnownFileType = sourcecode.swift; path = WorkersListView.swift; sourceTree = "<group>"; };
		A3C1C16527F1F06100C216C8 /* CustomTextField.swift */ = {isa = PBXFileReference; lastKnownFileType = sourcecode.swift; path = CustomTextField.swift; sourceTree = "<group>"; };
		A3C1C16727F1F78D00C216C8 /* CustomExternalAuthButton.swift */ = {isa = PBXFileReference; lastKnownFileType = sourcecode.swift; path = CustomExternalAuthButton.swift; sourceTree = "<group>"; };
		A3C1C16927F5957600C216C8 /* CustomButton.swift */ = {isa = PBXFileReference; lastKnownFileType = sourcecode.swift; path = CustomButton.swift; sourceTree = "<group>"; };
		A3C1C16B27F5977500C216C8 /* ORView.swift */ = {isa = PBXFileReference; lastKnownFileType = sourcecode.swift; path = ORView.swift; sourceTree = "<group>"; };
		A3C1C17827F5D41800C216C8 /* FeedView.swift */ = {isa = PBXFileReference; lastKnownFileType = sourcecode.swift; path = FeedView.swift; sourceTree = "<group>"; };
		A3C1C17B27F5D68C00C216C8 /* JobModel.swift */ = {isa = PBXFileReference; lastKnownFileType = sourcecode.swift; path = JobModel.swift; sourceTree = "<group>"; };
/* End PBXFileReference section */

/* Begin PBXFrameworksBuildPhase section */
		A381835827C4D6ED00D94DD0 /* Frameworks */ = {
			isa = PBXFrameworksBuildPhase;
			buildActionMask = 2147483647;
			files = (
			);
			runOnlyForDeploymentPostprocessing = 0;
		};
/* End PBXFrameworksBuildPhase section */

/* Begin PBXGroup section */
		A365D7A727FDA34A00AE4647 /* Menu */ = {
			isa = PBXGroup;
			children = (
				A365D7A827FDA35000AE4647 /* View */,
			);
			path = Menu;
			sourceTree = "<group>";
		};
		A365D7A827FDA35000AE4647 /* View */ = {
			isa = PBXGroup;
			children = (
				A365D7A927FDA3D900AE4647 /* MenuView.swift */,
				A3A9C5C128041BFE000F96E1 /* MenuButtonView.swift */,
			);
			path = View;
			sourceTree = "<group>";
		};
		A381835227C4D6ED00D94DD0 = {
			isa = PBXGroup;
			children = (
				A381835D27C4D6ED00D94DD0 /* Gig.md */,
				A381835C27C4D6ED00D94DD0 /* Products */,
			);
			sourceTree = "<group>";
		};
		A381835C27C4D6ED00D94DD0 /* Products */ = {
			isa = PBXGroup;
			children = (
				A381835B27C4D6ED00D94DD0 /* Gig.md.app */,
			);
			name = Products;
			sourceTree = "<group>";
		};
		A381835D27C4D6ED00D94DD0 /* Gig.md */ = {
			isa = PBXGroup;
			children = (
				A3A9C5C728084981000F96E1 /* Models */,
				A3C1C17327F5D3A100C216C8 /* Modules */,
				A3C1C17027F597FD00C216C8 /* Common */,
				A381836C27C4E55100D94DD0 /* Gig-md-Info.plist */,
				A381836227C4D6F500D94DD0 /* Assets.xcassets */,
				A381836427C4D6F500D94DD0 /* Preview Content */,
			);
			path = Gig.md;
			sourceTree = "<group>";
		};
		A381836427C4D6F500D94DD0 /* Preview Content */ = {
			isa = PBXGroup;
			children = (
				A381836527C4D6F500D94DD0 /* Preview Assets.xcassets */,
			);
			path = "Preview Content";
			sourceTree = "<group>";
		};
		A3A9C5A827FED43D000F96E1 /* Router */ = {
			isa = PBXGroup;
			children = (
				A3A9C5A927FED44B000F96E1 /* TabBarRouter.swift */,
			);
			path = Router;
			sourceTree = "<group>";
		};
		A3A9C5B027FEFD24000F96E1 /* Sorter */ = {
			isa = PBXGroup;
			children = (
			);
			path = Sorter;
			sourceTree = "<group>";
		};
		A3A9C5B127FEFD2B000F96E1 /* Jobs */ = {
			isa = PBXGroup;
			children = (
				A3ABC79B27FC81B000138E9C /* JobListView.swift */,
				A3ABC79227FC4CF600138E9C /* JobRowView.swift */,
			);
			path = Jobs;
			sourceTree = "<group>";
		};
		A3A9C5B227FEFD2F000F96E1 /* Workers */ = {
			isa = PBXGroup;
			children = (
				A3ABC79927FC6B0900138E9C /* WorkerRowView.swift */,
				A3ABC79D27FC81FD00138E9C /* WorkersListView.swift */,
			);
			path = Workers;
			sourceTree = "<group>";
		};
		A3A9C5B92800498E000F96E1 /* DetailPage */ = {
			isa = PBXGroup;
			children = (
				A3A9C5BA28004999000F96E1 /* View */,
			);
			path = DetailPage;
			sourceTree = "<group>";
		};
		A3A9C5BA28004999000F96E1 /* View */ = {
			isa = PBXGroup;
			children = (
				A3A9C5BB280049A8000F96E1 /* DetailPageView.swift */,
			);
			path = View;
			sourceTree = "<group>";
		};
		A3A9C5BD280076A9000F96E1 /* Splash */ = {
			isa = PBXGroup;
			children = (
				A3A9C5BE280076B0000F96E1 /* View */,
			);
			path = Splash;
			sourceTree = "<group>";
		};
		A3A9C5BE280076B0000F96E1 /* View */ = {
			isa = PBXGroup;
			children = (
				A3A9C5BF280076BD000F96E1 /* SplashView.swift */,
			);
			path = View;
			sourceTree = "<group>";
		};
		A3A9C5C328084948000F96E1 /* Filter */ = {
			isa = PBXGroup;
			children = (
				A3A9C5C42808494D000F96E1 /* View */,
			);
			path = Filter;
			sourceTree = "<group>";
		};
		A3A9C5C42808494D000F96E1 /* View */ = {
			isa = PBXGroup;
			children = (
				A3A9C5C528084958000F96E1 /* FilterView.swift */,
				A3A9C5C828085FFD000F96E1 /* DropDown.swift */,
			);
			path = View;
			sourceTree = "<group>";
		};
		A3A9C5C728084981000F96E1 /* Models */ = {
			isa = PBXGroup;
			children = (
			);
			path = Models;
			sourceTree = "<group>";
		};
		A3C1C16D27F597D900C216C8 /* LoginModule */ = {
			isa = PBXGroup;
			children = (
				A3C1C16E27F597E200C216C8 /* View */,
			);
			path = LoginModule;
			sourceTree = "<group>";
		};
		A3C1C16E27F597E200C216C8 /* View */ = {
			isa = PBXGroup;
			children = (
				A381836D27C4EF7E00D94DD0 /* LoginView.swift */,
			);
			path = View;
			sourceTree = "<group>";
		};
		A3C1C16F27F597F800C216C8 /* SignUp */ = {
			isa = PBXGroup;
			children = (
				A3C1C17127F5980700C216C8 /* View */,
			);
			path = SignUp;
			sourceTree = "<group>";
		};
		A3C1C17027F597FD00C216C8 /* Common */ = {
			isa = PBXGroup;
			children = (
				A381835E27C4D6ED00D94DD0 /* Gig_mdApp.swift */,
				A3ABC79627FC632F00138E9C /* TestInfo.swift */,
				A3C1C17227F5985F00C216C8 /* UI */,
			);
			path = Common;
			sourceTree = "<group>";
		};
		A3C1C17127F5980700C216C8 /* View */ = {
			isa = PBXGroup;
			children = (
				A381836F27C4FED100D94DD0 /* SignUpView.swift */,
			);
			path = View;
			sourceTree = "<group>";
		};
		A3C1C17227F5985F00C216C8 /* UI */ = {
			isa = PBXGroup;
			children = (
				A3C1C16B27F5977500C216C8 /* ORView.swift */,
				A3C1C16527F1F06100C216C8 /* CustomTextField.swift */,
				A381837127C5034C00D94DD0 /* Checkbox.swift */,
				A3C1C16727F1F78D00C216C8 /* CustomExternalAuthButton.swift */,
				A3C1C16927F5957600C216C8 /* CustomButton.swift */,
				A365D7A527FD88AA00AE4647 /* FavoritesButton.swift */,
				A33A396427FDD77D00FEC51C /* TabBarIcon.swift */,
				A3A9C5AB27FED5A3000F96E1 /* CircleButton.swift */,
			);
			path = UI;
			sourceTree = "<group>";
		};
		A3C1C17327F5D3A100C216C8 /* Modules */ = {
			isa = PBXGroup;
			children = (
				A3A9C5C328084948000F96E1 /* Filter */,
				A3A9C5BD280076A9000F96E1 /* Splash */,
				A3A9C5B92800498E000F96E1 /* DetailPage */,
				A365D7A727FDA34A00AE4647 /* Menu */,
				A3C1C17627F5D3FA00C216C8 /* Feed */,
				A3C1C17427F5D3B100C216C8 /* Onboarding */,
				A3C1C16D27F597D900C216C8 /* LoginModule */,
				A3C1C16F27F597F800C216C8 /* SignUp */,
			);
			path = Modules;
			sourceTree = "<group>";
		};
		A3C1C17427F5D3B100C216C8 /* Onboarding */ = {
			isa = PBXGroup;
			children = (
				A3C1C17527F5D3BA00C216C8 /* View */,
			);
			path = Onboarding;
			sourceTree = "<group>";
		};
		A3C1C17527F5D3BA00C216C8 /* View */ = {
			isa = PBXGroup;
			children = (
				A381837327CFA61F00D94DD0 /* OnboardingView.swift */,
			);
			path = View;
			sourceTree = "<group>";
		};
		A3C1C17627F5D3FA00C216C8 /* Feed */ = {
			isa = PBXGroup;
			children = (
				A3A9C5A827FED43D000F96E1 /* Router */,
				A3C1C17A27F5D67E00C216C8 /* Model */,
				A3C1C17727F5D40A00C216C8 /* View */,
			);
			path = Feed;
			sourceTree = "<group>";
		};
		A3C1C17727F5D40A00C216C8 /* View */ = {
			isa = PBXGroup;
			children = (
				A3A9C5B227FEFD2F000F96E1 /* Workers */,
				A3A9C5B127FEFD2B000F96E1 /* Jobs */,
				A3A9C5B027FEFD24000F96E1 /* Sorter */,
				A3C1C17827F5D41800C216C8 /* FeedView.swift */,
				A3A9C5AD27FEF03D000F96E1 /* PlusMenuView.swift */,
			);
			path = View;
			sourceTree = "<group>";
		};
		A3C1C17A27F5D67E00C216C8 /* Model */ = {
			isa = PBXGroup;
			children = (
				A3C1C17B27F5D68C00C216C8 /* JobModel.swift */,
				A3ABC79427FC61FD00138E9C /* WorkerModel.swift */,
			);
			path = Model;
			sourceTree = "<group>";
		};
/* End PBXGroup section */

/* Begin PBXNativeTarget section */
		A381835A27C4D6ED00D94DD0 /* Gig.md */ = {
			isa = PBXNativeTarget;
			buildConfigurationList = A381836927C4D6F500D94DD0 /* Build configuration list for PBXNativeTarget "Gig.md" */;
			buildPhases = (
				A381835727C4D6ED00D94DD0 /* Sources */,
				A381835827C4D6ED00D94DD0 /* Frameworks */,
				A381835927C4D6ED00D94DD0 /* Resources */,
			);
			buildRules = (
			);
			dependencies = (
			);
			name = Gig.md;
			productName = Gig.md;
			productReference = A381835B27C4D6ED00D94DD0 /* Gig.md.app */;
			productType = "com.apple.product-type.application";
		};
/* End PBXNativeTarget section */

/* Begin PBXProject section */
		A381835327C4D6ED00D94DD0 /* Project object */ = {
			isa = PBXProject;
			attributes = {
				BuildIndependentTargetsInParallel = 1;
				LastSwiftUpdateCheck = 1320;
				LastUpgradeCheck = 1320;
				TargetAttributes = {
					A381835A27C4D6ED00D94DD0 = {
						CreatedOnToolsVersion = 13.2.1;
					};
				};
			};
			buildConfigurationList = A381835627C4D6ED00D94DD0 /* Build configuration list for PBXProject "Gig.md" */;
			compatibilityVersion = "Xcode 13.0";
			developmentRegion = en;
			hasScannedForEncodings = 0;
			knownRegions = (
				en,
				Base,
			);
			mainGroup = A381835227C4D6ED00D94DD0;
			productRefGroup = A381835C27C4D6ED00D94DD0 /* Products */;
			projectDirPath = "";
			projectRoot = "";
			targets = (
				A381835A27C4D6ED00D94DD0 /* Gig.md */,
			);
		};
/* End PBXProject section */

/* Begin PBXResourcesBuildPhase section */
		A381835927C4D6ED00D94DD0 /* Resources */ = {
			isa = PBXResourcesBuildPhase;
			buildActionMask = 2147483647;
			files = (
				A381836627C4D6F500D94DD0 /* Preview Assets.xcassets in Resources */,
				A381836327C4D6F500D94DD0 /* Assets.xcassets in Resources */,
			);
			runOnlyForDeploymentPostprocessing = 0;
		};
/* End PBXResourcesBuildPhase section */

/* Begin PBXSourcesBuildPhase section */
		A381835727C4D6ED00D94DD0 /* Sources */ = {
			isa = PBXSourcesBuildPhase;
			buildActionMask = 2147483647;
			files = (
				A3A9C5AA27FED44B000F96E1 /* TabBarRouter.swift in Sources */,
				A3C1C17927F5D41800C216C8 /* FeedView.swift in Sources */,
				A3A9C5C0280076BD000F96E1 /* SplashView.swift in Sources */,
				A3A9C5C228041BFE000F96E1 /* MenuButtonView.swift in Sources */,
				A3A9C5C628084958000F96E1 /* FilterView.swift in Sources */,
				A3ABC79727FC632F00138E9C /* TestInfo.swift in Sources */,
				A3C1C16627F1F06100C216C8 /* CustomTextField.swift in Sources */,
				A365D7AA27FDA3D900AE4647 /* MenuView.swift in Sources */,
				A3C1C16C27F5977500C216C8 /* ORView.swift in Sources */,
				A381837027C4FED100D94DD0 /* SignUpView.swift in Sources */,
				A3ABC79E27FC81FD00138E9C /* WorkersListView.swift in Sources */,
				A3ABC79527FC61FD00138E9C /* WorkerModel.swift in Sources */,
				A3C1C16A27F5957600C216C8 /* CustomButton.swift in Sources */,
				A3ABC79327FC4CF600138E9C /* JobRowView.swift in Sources */,
				A3ABC79A27FC6B0900138E9C /* WorkerRowView.swift in Sources */,
				A3A9C5AC27FED5A3000F96E1 /* CircleButton.swift in Sources */,
				A381836E27C4EF7E00D94DD0 /* LoginView.swift in Sources */,
				A3C1C17C27F5D68C00C216C8 /* JobModel.swift in Sources */,
				A3A9C5AE27FEF03D000F96E1 /* PlusMenuView.swift in Sources */,
				A381837427CFA62000D94DD0 /* OnboardingView.swift in Sources */,
				A3C1C16827F1F78D00C216C8 /* CustomExternalAuthButton.swift in Sources */,
				A3A9C5BC280049A8000F96E1 /* DetailPageView.swift in Sources */,
				A381835F27C4D6ED00D94DD0 /* Gig_mdApp.swift in Sources */,
				A33A396527FDD77D00FEC51C /* TabBarIcon.swift in Sources */,
				A365D7A627FD88AA00AE4647 /* FavoritesButton.swift in Sources */,
				A3ABC79C27FC81B000138E9C /* JobListView.swift in Sources */,
				A3A9C5C928085FFD000F96E1 /* DropDown.swift in Sources */,
				A381837227C5034C00D94DD0 /* Checkbox.swift in Sources */,
			);
			runOnlyForDeploymentPostprocessing = 0;
		};
/* End PBXSourcesBuildPhase section */

/* Begin XCBuildConfiguration section */
		A381836727C4D6F500D94DD0 /* Debug */ = {
			isa = XCBuildConfiguration;
			buildSettings = {
				ALWAYS_SEARCH_USER_PATHS = NO;
				CLANG_ANALYZER_NONNULL = YES;
				CLANG_ANALYZER_NUMBER_OBJECT_CONVERSION = YES_AGGRESSIVE;
				CLANG_CXX_LANGUAGE_STANDARD = "gnu++17";
				CLANG_CXX_LIBRARY = "libc++";
				CLANG_ENABLE_MODULES = YES;
				CLANG_ENABLE_OBJC_ARC = YES;
				CLANG_ENABLE_OBJC_WEAK = YES;
				CLANG_WARN_BLOCK_CAPTURE_AUTORELEASING = YES;
				CLANG_WARN_BOOL_CONVERSION = YES;
				CLANG_WARN_COMMA = YES;
				CLANG_WARN_CONSTANT_CONVERSION = YES;
				CLANG_WARN_DEPRECATED_OBJC_IMPLEMENTATIONS = YES;
				CLANG_WARN_DIRECT_OBJC_ISA_USAGE = YES_ERROR;
				CLANG_WARN_DOCUMENTATION_COMMENTS = YES;
				CLANG_WARN_EMPTY_BODY = YES;
				CLANG_WARN_ENUM_CONVERSION = YES;
				CLANG_WARN_INFINITE_RECURSION = YES;
				CLANG_WARN_INT_CONVERSION = YES;
				CLANG_WARN_NON_LITERAL_NULL_CONVERSION = YES;
				CLANG_WARN_OBJC_IMPLICIT_RETAIN_SELF = YES;
				CLANG_WARN_OBJC_LITERAL_CONVERSION = YES;
				CLANG_WARN_OBJC_ROOT_CLASS = YES_ERROR;
				CLANG_WARN_QUOTED_INCLUDE_IN_FRAMEWORK_HEADER = YES;
				CLANG_WARN_RANGE_LOOP_ANALYSIS = YES;
				CLANG_WARN_STRICT_PROTOTYPES = YES;
				CLANG_WARN_SUSPICIOUS_MOVE = YES;
				CLANG_WARN_UNGUARDED_AVAILABILITY = YES_AGGRESSIVE;
				CLANG_WARN_UNREACHABLE_CODE = YES;
				CLANG_WARN__DUPLICATE_METHOD_MATCH = YES;
				COPY_PHASE_STRIP = NO;
				DEBUG_INFORMATION_FORMAT = dwarf;
				ENABLE_STRICT_OBJC_MSGSEND = YES;
				ENABLE_TESTABILITY = YES;
				GCC_C_LANGUAGE_STANDARD = gnu11;
				GCC_DYNAMIC_NO_PIC = NO;
				GCC_NO_COMMON_BLOCKS = YES;
				GCC_OPTIMIZATION_LEVEL = 0;
				GCC_PREPROCESSOR_DEFINITIONS = (
					"DEBUG=1",
					"$(inherited)",
				);
				GCC_WARN_64_TO_32_BIT_CONVERSION = YES;
				GCC_WARN_ABOUT_RETURN_TYPE = YES_ERROR;
				GCC_WARN_UNDECLARED_SELECTOR = YES;
				GCC_WARN_UNINITIALIZED_AUTOS = YES_AGGRESSIVE;
				GCC_WARN_UNUSED_FUNCTION = YES;
				GCC_WARN_UNUSED_VARIABLE = YES;
				IPHONEOS_DEPLOYMENT_TARGET = 15.2;
				MTL_ENABLE_DEBUG_INFO = INCLUDE_SOURCE;
				MTL_FAST_MATH = YES;
				ONLY_ACTIVE_ARCH = YES;
				SDKROOT = iphoneos;
				SWIFT_ACTIVE_COMPILATION_CONDITIONS = DEBUG;
				SWIFT_OPTIMIZATION_LEVEL = "-Onone";
			};
			name = Debug;
		};
		A381836827C4D6F500D94DD0 /* Release */ = {
			isa = XCBuildConfiguration;
			buildSettings = {
				ALWAYS_SEARCH_USER_PATHS = NO;
				CLANG_ANALYZER_NONNULL = YES;
				CLANG_ANALYZER_NUMBER_OBJECT_CONVERSION = YES_AGGRESSIVE;
				CLANG_CXX_LANGUAGE_STANDARD = "gnu++17";
				CLANG_CXX_LIBRARY = "libc++";
				CLANG_ENABLE_MODULES = YES;
				CLANG_ENABLE_OBJC_ARC = YES;
				CLANG_ENABLE_OBJC_WEAK = YES;
				CLANG_WARN_BLOCK_CAPTURE_AUTORELEASING = YES;
				CLANG_WARN_BOOL_CONVERSION = YES;
				CLANG_WARN_COMMA = YES;
				CLANG_WARN_CONSTANT_CONVERSION = YES;
				CLANG_WARN_DEPRECATED_OBJC_IMPLEMENTATIONS = YES;
				CLANG_WARN_DIRECT_OBJC_ISA_USAGE = YES_ERROR;
				CLANG_WARN_DOCUMENTATION_COMMENTS = YES;
				CLANG_WARN_EMPTY_BODY = YES;
				CLANG_WARN_ENUM_CONVERSION = YES;
				CLANG_WARN_INFINITE_RECURSION = YES;
				CLANG_WARN_INT_CONVERSION = YES;
				CLANG_WARN_NON_LITERAL_NULL_CONVERSION = YES;
				CLANG_WARN_OBJC_IMPLICIT_RETAIN_SELF = YES;
				CLANG_WARN_OBJC_LITERAL_CONVERSION = YES;
				CLANG_WARN_OBJC_ROOT_CLASS = YES_ERROR;
				CLANG_WARN_QUOTED_INCLUDE_IN_FRAMEWORK_HEADER = YES;
				CLANG_WARN_RANGE_LOOP_ANALYSIS = YES;
				CLANG_WARN_STRICT_PROTOTYPES = YES;
				CLANG_WARN_SUSPICIOUS_MOVE = YES;
				CLANG_WARN_UNGUARDED_AVAILABILITY = YES_AGGRESSIVE;
				CLANG_WARN_UNREACHABLE_CODE = YES;
				CLANG_WARN__DUPLICATE_METHOD_MATCH = YES;
				COPY_PHASE_STRIP = NO;
				DEBUG_INFORMATION_FORMAT = "dwarf-with-dsym";
				ENABLE_NS_ASSERTIONS = NO;
				ENABLE_STRICT_OBJC_MSGSEND = YES;
				GCC_C_LANGUAGE_STANDARD = gnu11;
				GCC_NO_COMMON_BLOCKS = YES;
				GCC_WARN_64_TO_32_BIT_CONVERSION = YES;
				GCC_WARN_ABOUT_RETURN_TYPE = YES_ERROR;
				GCC_WARN_UNDECLARED_SELECTOR = YES;
				GCC_WARN_UNINITIALIZED_AUTOS = YES_AGGRESSIVE;
				GCC_WARN_UNUSED_FUNCTION = YES;
				GCC_WARN_UNUSED_VARIABLE = YES;
				IPHONEOS_DEPLOYMENT_TARGET = 15.2;
				MTL_ENABLE_DEBUG_INFO = NO;
				MTL_FAST_MATH = YES;
				SDKROOT = iphoneos;
				SWIFT_COMPILATION_MODE = wholemodule;
				SWIFT_OPTIMIZATION_LEVEL = "-O";
				VALIDATE_PRODUCT = YES;
			};
			name = Release;
		};
		A381836A27C4D6F500D94DD0 /* Debug */ = {
			isa = XCBuildConfiguration;
			buildSettings = {
				ASSETCATALOG_COMPILER_APPICON_NAME = AppIcon;
				ASSETCATALOG_COMPILER_GLOBAL_ACCENT_COLOR_NAME = AccentColor;
				CODE_SIGN_IDENTITY = "Apple Development";
				CODE_SIGN_STYLE = Automatic;
				CURRENT_PROJECT_VERSION = 1;
				DEVELOPMENT_ASSET_PATHS = "\"Gig.md/Preview Content\"";
				DEVELOPMENT_TEAM = 4222XTR5H7;
				ENABLE_PREVIEWS = YES;
				GENERATE_INFOPLIST_FILE = YES;
				INFOPLIST_FILE = "Gig-md-Info.plist";
				INFOPLIST_KEY_UIApplicationSceneManifest_Generation = YES;
				INFOPLIST_KEY_UIApplicationSupportsIndirectInputEvents = YES;
				INFOPLIST_KEY_UISupportedInterfaceOrientations_iPad = "UIInterfaceOrientationPortrait UIInterfaceOrientationPortraitUpsideDown UIInterfaceOrientationLandscapeLeft UIInterfaceOrientationLandscapeRight";
				INFOPLIST_KEY_UISupportedInterfaceOrientations_iPhone = "UIInterfaceOrientationPortrait UIInterfaceOrientationLandscapeLeft UIInterfaceOrientationLandscapeRight";
				LD_RUNPATH_SEARCH_PATHS = (
					"$(inherited)",
					"@executable_path/Frameworks",
				);
				MARKETING_VERSION = 1.0;
				PRODUCT_BUNDLE_IDENTIFIER = "victoriabelinschi.Gig-md";
				PRODUCT_NAME = "$(TARGET_NAME)";
				PROVISIONING_PROFILE_SPECIFIER = "";
				SWIFT_EMIT_LOC_STRINGS = YES;
				SWIFT_VERSION = 5.0;
				TARGETED_DEVICE_FAMILY = "1,2";
			};
			name = Debug;
		};
		A381836B27C4D6F500D94DD0 /* Release */ = {
			isa = XCBuildConfiguration;
			buildSettings = {
				ASSETCATALOG_COMPILER_APPICON_NAME = AppIcon;
				ASSETCATALOG_COMPILER_GLOBAL_ACCENT_COLOR_NAME = AccentColor;
				CODE_SIGN_IDENTITY = "Apple Development";
				CODE_SIGN_STYLE = Automatic;
				CURRENT_PROJECT_VERSION = 1;
				DEVELOPMENT_ASSET_PATHS = "\"Gig.md/Preview Content\"";
				DEVELOPMENT_TEAM = 4222XTR5H7;
				ENABLE_PREVIEWS = YES;
				GENERATE_INFOPLIST_FILE = YES;
				INFOPLIST_FILE = "Gig-md-Info.plist";
				INFOPLIST_KEY_UIApplicationSceneManifest_Generation = YES;
				INFOPLIST_KEY_UIApplicationSupportsIndirectInputEvents = YES;
				INFOPLIST_KEY_UISupportedInterfaceOrientations_iPad = "UIInterfaceOrientationPortrait UIInterfaceOrientationPortraitUpsideDown UIInterfaceOrientationLandscapeLeft UIInterfaceOrientationLandscapeRight";
				INFOPLIST_KEY_UISupportedInterfaceOrientations_iPhone = "UIInterfaceOrientationPortrait UIInterfaceOrientationLandscapeLeft UIInterfaceOrientationLandscapeRight";
				LD_RUNPATH_SEARCH_PATHS = (
					"$(inherited)",
					"@executable_path/Frameworks",
				);
				MARKETING_VERSION = 1.0;
				PRODUCT_BUNDLE_IDENTIFIER = "victoriabelinschi.Gig-md";
				PRODUCT_NAME = "$(TARGET_NAME)";
				PROVISIONING_PROFILE_SPECIFIER = "";
				SWIFT_EMIT_LOC_STRINGS = YES;
				SWIFT_VERSION = 5.0;
				TARGETED_DEVICE_FAMILY = "1,2";
			};
			name = Release;
		};
/* End XCBuildConfiguration section */

/* Begin XCConfigurationList section */
		A381835627C4D6ED00D94DD0 /* Build configuration list for PBXProject "Gig.md" */ = {
			isa = XCConfigurationList;
			buildConfigurations = (
				A381836727C4D6F500D94DD0 /* Debug */,
				A381836827C4D6F500D94DD0 /* Release */,
			);
			defaultConfigurationIsVisible = 0;
			defaultConfigurationName = Release;
		};
		A381836927C4D6F500D94DD0 /* Build configuration list for PBXNativeTarget "Gig.md" */ = {
			isa = XCConfigurationList;
			buildConfigurations = (
				A381836A27C4D6F500D94DD0 /* Debug */,
				A381836B27C4D6F500D94DD0 /* Release */,
			);
			defaultConfigurationIsVisible = 0;
			defaultConfigurationName = Release;
		};
/* End XCConfigurationList section */
	};
	rootObject = A381835327C4D6ED00D94DD0 /* Project object */;
}
