// !$*UTF8*$!
{
	archiveVersion = 1;
	classes = {
	};
	objectVersion = 55;
	objects = {

/* Begin PBXBuildFile section */
		A30030C42822ADB400784D02 /* JobDetailPage.swift in Sources */ = {isa = PBXBuildFile; fileRef = A30030C32822ADB400784D02 /* JobDetailPage.swift */; };
		A30030C62823D3CF00784D02 /* AddJobView.swift in Sources */ = {isa = PBXBuildFile; fileRef = A30030C52823D3CF00784D02 /* AddJobView.swift */; };
		A31CDA8C28354A890067A796 /* PostedJobsView.swift in Sources */ = {isa = PBXBuildFile; fileRef = A31CDA8B28354A890067A796 /* PostedJobsView.swift */; };
		A31CDA8E2835542D0067A796 /* PostedJobsBox.swift in Sources */ = {isa = PBXBuildFile; fileRef = A31CDA8D2835542D0067A796 /* PostedJobsBox.swift */; };
		A33A396527FDD77D00FEC51C /* TabBarIcon.swift in Sources */ = {isa = PBXBuildFile; fileRef = A33A396427FDD77D00FEC51C /* TabBarIcon.swift */; };
		A365D7A627FD88AA00AE4647 /* FavoritesButton.swift in Sources */ = {isa = PBXBuildFile; fileRef = A365D7A527FD88AA00AE4647 /* FavoritesButton.swift */; };
		A365D7AA27FDA3D900AE4647 /* MenuView.swift in Sources */ = {isa = PBXBuildFile; fileRef = A365D7A927FDA3D900AE4647 /* MenuView.swift */; };
		A381835F27C4D6ED00D94DD0 /* Gig_mdApp.swift in Sources */ = {isa = PBXBuildFile; fileRef = A381835E27C4D6ED00D94DD0 /* Gig_mdApp.swift */; };
		A381836327C4D6F500D94DD0 /* Assets.xcassets in Resources */ = {isa = PBXBuildFile; fileRef = A381836227C4D6F500D94DD0 /* Assets.xcassets */; };
		A381836627C4D6F500D94DD0 /* Preview Assets.xcassets in Resources */ = {isa = PBXBuildFile; fileRef = A381836527C4D6F500D94DD0 /* Preview Assets.xcassets */; };
		A381836E27C4EF7E00D94DD0 /* LoginView.swift in Sources */ = {isa = PBXBuildFile; fileRef = A381836D27C4EF7E00D94DD0 /* LoginView.swift */; };
		A381837027C4FED100D94DD0 /* SignUpView.swift in Sources */ = {isa = PBXBuildFile; fileRef = A381836F27C4FED100D94DD0 /* SignUpView.swift */; };
		A381837227C5034C00D94DD0 /* Checkbox.swift in Sources */ = {isa = PBXBuildFile; fileRef = A381837127C5034C00D94DD0 /* Checkbox.swift */; };
		A3941425283297BF008D5170 /* NotificationBox.swift in Sources */ = {isa = PBXBuildFile; fileRef = A3941424283297BF008D5170 /* NotificationBox.swift */; };
		A3941427283297F5008D5170 /* NotificationModel.swift in Sources */ = {isa = PBXBuildFile; fileRef = A3941426283297F5008D5170 /* NotificationModel.swift */; };
		A394142B283396EF008D5170 /* WorkerProfileView.swift in Sources */ = {isa = PBXBuildFile; fileRef = A394142A283396EE008D5170 /* WorkerProfileView.swift */; };
		A3A1DFB9282A60AB00938A75 /* UserDetailsView.swift in Sources */ = {isa = PBXBuildFile; fileRef = A3A1DFB8282A60AB00938A75 /* UserDetailsView.swift */; };
		A3A9C5AA27FED44B000F96E1 /* TabBarRouter.swift in Sources */ = {isa = PBXBuildFile; fileRef = A3A9C5A927FED44B000F96E1 /* TabBarRouter.swift */; };
		A3A9C5AC27FED5A3000F96E1 /* CircleButton.swift in Sources */ = {isa = PBXBuildFile; fileRef = A3A9C5AB27FED5A3000F96E1 /* CircleButton.swift */; };
		A3A9C5AE27FEF03D000F96E1 /* PlusMenuView.swift in Sources */ = {isa = PBXBuildFile; fileRef = A3A9C5AD27FEF03D000F96E1 /* PlusMenuView.swift */; };
		A3A9C5BC280049A8000F96E1 /* DetailPageView.swift in Sources */ = {isa = PBXBuildFile; fileRef = A3A9C5BB280049A8000F96E1 /* DetailPageView.swift */; };
		A3A9C5C0280076BD000F96E1 /* SplashView.swift in Sources */ = {isa = PBXBuildFile; fileRef = A3A9C5BF280076BD000F96E1 /* SplashView.swift */; };
		A3A9C5C228041BFE000F96E1 /* MenuButtonView.swift in Sources */ = {isa = PBXBuildFile; fileRef = A3A9C5C128041BFE000F96E1 /* MenuButtonView.swift */; };
		A3A9C5C628084958000F96E1 /* FilterView.swift in Sources */ = {isa = PBXBuildFile; fileRef = A3A9C5C528084958000F96E1 /* FilterView.swift */; };
		A3A9C5C928085FFD000F96E1 /* DropDown.swift in Sources */ = {isa = PBXBuildFile; fileRef = A3A9C5C828085FFD000F96E1 /* DropDown.swift */; };
		A3A9C5CB280D5382000F96E1 /* DoubleSlider.swift in Sources */ = {isa = PBXBuildFile; fileRef = A3A9C5CA280D5382000F96E1 /* DoubleSlider.swift */; };
		A3A9C5CF280DA931000F96E1 /* AddSmthView.swift in Sources */ = {isa = PBXBuildFile; fileRef = A3A9C5CE280DA931000F96E1 /* AddSmthView.swift */; };
		A3ABC79327FC4CF600138E9C /* JobRowView.swift in Sources */ = {isa = PBXBuildFile; fileRef = A3ABC79227FC4CF600138E9C /* JobRowView.swift */; };
		A3ABC79527FC61FD00138E9C /* WorkerModel.swift in Sources */ = {isa = PBXBuildFile; fileRef = A3ABC79427FC61FD00138E9C /* WorkerModel.swift */; };
		A3ABC79727FC632F00138E9C /* TestInfo.swift in Sources */ = {isa = PBXBuildFile; fileRef = A3ABC79627FC632F00138E9C /* TestInfo.swift */; };
		A3ABC79A27FC6B0900138E9C /* WorkerRowView.swift in Sources */ = {isa = PBXBuildFile; fileRef = A3ABC79927FC6B0900138E9C /* WorkerRowView.swift */; };
		A3ABC79C27FC81B000138E9C /* JobListView.swift in Sources */ = {isa = PBXBuildFile; fileRef = A3ABC79B27FC81B000138E9C /* JobListView.swift */; };
		A3ABC79E27FC81FD00138E9C /* WorkersListView.swift in Sources */ = {isa = PBXBuildFile; fileRef = A3ABC79D27FC81FD00138E9C /* WorkersListView.swift */; };
		A3B5F7FE2832865300A198DC /* NotificationsView.swift in Sources */ = {isa = PBXBuildFile; fileRef = A3B5F7FD2832865300A198DC /* NotificationsView.swift */; };
		A3C1C16627F1F06100C216C8 /* CustomTextField.swift in Sources */ = {isa = PBXBuildFile; fileRef = A3C1C16527F1F06100C216C8 /* CustomTextField.swift */; };
		A3C1C16827F1F78D00C216C8 /* CustomExternalAuthButton.swift in Sources */ = {isa = PBXBuildFile; fileRef = A3C1C16727F1F78D00C216C8 /* CustomExternalAuthButton.swift */; };
		A3C1C16A27F5957600C216C8 /* CustomButton.swift in Sources */ = {isa = PBXBuildFile; fileRef = A3C1C16927F5957600C216C8 /* CustomButton.swift */; };
		A3C1C16C27F5977500C216C8 /* ORView.swift in Sources */ = {isa = PBXBuildFile; fileRef = A3C1C16B27F5977500C216C8 /* ORView.swift */; };
		A3C1C17927F5D41800C216C8 /* FeedView.swift in Sources */ = {isa = PBXBuildFile; fileRef = A3C1C17827F5D41800C216C8 /* FeedView.swift */; };
		A3C1C17C27F5D68C00C216C8 /* JobModel.swift in Sources */ = {isa = PBXBuildFile; fileRef = A3C1C17B27F5D68C00C216C8 /* JobModel.swift */; };
		A3C65C852832426100D7C913 /* Welcome.swift in Sources */ = {isa = PBXBuildFile; fileRef = A3C65C842832426100D7C913 /* Welcome.swift */; };
		B88F3311283A4046000263B5 /* Alamofire in Frameworks */ = {isa = PBXBuildFile; productRef = B88F3310283A4046000263B5 /* Alamofire */; };
		B88F3313283A40AD000263B5 /* NetworkService.swift in Sources */ = {isa = PBXBuildFile; fileRef = B88F3312283A40AD000263B5 /* NetworkService.swift */; };
		B88F3317283A4922000263B5 /* NetworkServiceImp.swift in Sources */ = {isa = PBXBuildFile; fileRef = B88F3316283A4922000263B5 /* NetworkServiceImp.swift */; };
		B88F3319283A4955000263B5 /* NetworkConstants.swift in Sources */ = {isa = PBXBuildFile; fileRef = B88F3318283A4955000263B5 /* NetworkConstants.swift */; };
		B88F331C283A4A0C000263B5 /* LoginService.swift in Sources */ = {isa = PBXBuildFile; fileRef = B88F331B283A4A0C000263B5 /* LoginService.swift */; };
		B88F331F283A4A5D000263B5 /* LoginModel.swift in Sources */ = {isa = PBXBuildFile; fileRef = B88F331E283A4A5D000263B5 /* LoginModel.swift */; };
		B88F3321283A4A7F000263B5 /* ResponseModel.swift in Sources */ = {isa = PBXBuildFile; fileRef = B88F3320283A4A7F000263B5 /* ResponseModel.swift */; };
		B88F3325283A7B2B000263B5 /* SignUpModel.swift in Sources */ = {isa = PBXBuildFile; fileRef = B88F3324283A7B2B000263B5 /* SignUpModel.swift */; };
		B88F3327283A7B73000263B5 /* SignUpService.swift in Sources */ = {isa = PBXBuildFile; fileRef = B88F3326283A7B73000263B5 /* SignUpService.swift */; };
		B88F332A283A7DAE000263B5 /* User.swift in Sources */ = {isa = PBXBuildFile; fileRef = B88F3329283A7DAE000263B5 /* User.swift */; };
		B88F332C283AC897000263B5 /* LoginViewModel.swift in Sources */ = {isa = PBXBuildFile; fileRef = B88F332B283AC897000263B5 /* LoginViewModel.swift */; };
		B8E50000284D1CB900BEC700 /* AddJobModel.swift in Sources */ = {isa = PBXBuildFile; fileRef = B8E5FFFF284D1CB900BEC700 /* AddJobModel.swift */; };
		B8E50002284D1D5200BEC700 /* AddWorkerViewModel.swift in Sources */ = {isa = PBXBuildFile; fileRef = B8E50001284D1D5200BEC700 /* AddWorkerViewModel.swift */; };
		B8E5FFE1283B93DB00BEC700 /* FeedViewModel.swift in Sources */ = {isa = PBXBuildFile; fileRef = B8E5FFE0283B93DB00BEC700 /* FeedViewModel.swift */; };
		B8E5FFE4283B93E900BEC700 /* FeedService.swift in Sources */ = {isa = PBXBuildFile; fileRef = B8E5FFE3283B93E900BEC700 /* FeedService.swift */; };
		B8E5FFE62843B7D000BEC700 /* CommonVars.swift in Sources */ = {isa = PBXBuildFile; fileRef = B8E5FFE52843B7D000BEC700 /* CommonVars.swift */; };
		B8E5FFE82843B96300BEC700 /* JobListModel.swift in Sources */ = {isa = PBXBuildFile; fileRef = B8E5FFE72843B96300BEC700 /* JobListModel.swift */; };
		B8E5FFEA2843BA0800BEC700 /* WorkerListModel.swift in Sources */ = {isa = PBXBuildFile; fileRef = B8E5FFE92843BA0800BEC700 /* WorkerListModel.swift */; };
		B8E5FFEF2843D84700BEC700 /* DetailPageService.swift in Sources */ = {isa = PBXBuildFile; fileRef = B8E5FFEE2843D84700BEC700 /* DetailPageService.swift */; };
		B8E5FFF12843DA6100BEC700 /* WorkerDetailModel.swift in Sources */ = {isa = PBXBuildFile; fileRef = B8E5FFF02843DA6100BEC700 /* WorkerDetailModel.swift */; };
		B8E5FFF32843DC1200BEC700 /* WorkerDetailViewModel.swift in Sources */ = {isa = PBXBuildFile; fileRef = B8E5FFF22843DC1200BEC700 /* WorkerDetailViewModel.swift */; };
		B8E5FFF52844EC9800BEC700 /* JobDetailModel.swift in Sources */ = {isa = PBXBuildFile; fileRef = B8E5FFF42844EC9800BEC700 /* JobDetailModel.swift */; };
		B8E5FFF72844ED7200BEC700 /* JobDetailViewModel.swift in Sources */ = {isa = PBXBuildFile; fileRef = B8E5FFF62844ED7200BEC700 /* JobDetailViewModel.swift */; };
		B8E5FFFA284D168A00BEC700 /* AddService.swift in Sources */ = {isa = PBXBuildFile; fileRef = B8E5FFF9284D168A00BEC700 /* AddService.swift */; };
		B8E5FFFD284D183200BEC700 /* AddWorkerModel.swift in Sources */ = {isa = PBXBuildFile; fileRef = B8E5FFFC284D183100BEC700 /* AddWorkerModel.swift */; };
/* End PBXBuildFile section */

/* Begin PBXFileReference section */
		A30030C32822ADB400784D02 /* JobDetailPage.swift */ = {isa = PBXFileReference; lastKnownFileType = sourcecode.swift; path = JobDetailPage.swift; sourceTree = "<group>"; };
		A30030C52823D3CF00784D02 /* AddJobView.swift */ = {isa = PBXFileReference; lastKnownFileType = sourcecode.swift; path = AddJobView.swift; sourceTree = "<group>"; };
		A31CDA8B28354A890067A796 /* PostedJobsView.swift */ = {isa = PBXFileReference; lastKnownFileType = sourcecode.swift; path = PostedJobsView.swift; sourceTree = "<group>"; };
		A31CDA8D2835542D0067A796 /* PostedJobsBox.swift */ = {isa = PBXFileReference; lastKnownFileType = sourcecode.swift; path = PostedJobsBox.swift; sourceTree = "<group>"; };
		A33A396427FDD77D00FEC51C /* TabBarIcon.swift */ = {isa = PBXFileReference; lastKnownFileType = sourcecode.swift; path = TabBarIcon.swift; sourceTree = "<group>"; };
		A365D7A527FD88AA00AE4647 /* FavoritesButton.swift */ = {isa = PBXFileReference; lastKnownFileType = sourcecode.swift; path = FavoritesButton.swift; sourceTree = "<group>"; };
		A365D7A927FDA3D900AE4647 /* MenuView.swift */ = {isa = PBXFileReference; lastKnownFileType = sourcecode.swift; path = MenuView.swift; sourceTree = "<group>"; };
		A381835B27C4D6ED00D94DD0 /* Gig.md.app */ = {isa = PBXFileReference; explicitFileType = wrapper.application; includeInIndex = 0; path = Gig.md.app; sourceTree = BUILT_PRODUCTS_DIR; };
		A381835E27C4D6ED00D94DD0 /* Gig_mdApp.swift */ = {isa = PBXFileReference; lastKnownFileType = sourcecode.swift; path = Gig_mdApp.swift; sourceTree = "<group>"; };
		A381836227C4D6F500D94DD0 /* Assets.xcassets */ = {isa = PBXFileReference; lastKnownFileType = folder.assetcatalog; path = Assets.xcassets; sourceTree = "<group>"; };
		A381836527C4D6F500D94DD0 /* Preview Assets.xcassets */ = {isa = PBXFileReference; lastKnownFileType = folder.assetcatalog; path = "Preview Assets.xcassets"; sourceTree = "<group>"; };
		A381836C27C4E55100D94DD0 /* Gig-md-Info.plist */ = {isa = PBXFileReference; lastKnownFileType = text.plist; path = "Gig-md-Info.plist"; sourceTree = SOURCE_ROOT; };
		A381836D27C4EF7E00D94DD0 /* LoginView.swift */ = {isa = PBXFileReference; lastKnownFileType = sourcecode.swift; path = LoginView.swift; sourceTree = "<group>"; };
		A381836F27C4FED100D94DD0 /* SignUpView.swift */ = {isa = PBXFileReference; lastKnownFileType = sourcecode.swift; path = SignUpView.swift; sourceTree = "<group>"; };
		A381837127C5034C00D94DD0 /* Checkbox.swift */ = {isa = PBXFileReference; lastKnownFileType = sourcecode.swift; path = Checkbox.swift; sourceTree = "<group>"; };
		A3941424283297BF008D5170 /* NotificationBox.swift */ = {isa = PBXFileReference; lastKnownFileType = sourcecode.swift; path = NotificationBox.swift; sourceTree = "<group>"; };
		A3941426283297F5008D5170 /* NotificationModel.swift */ = {isa = PBXFileReference; lastKnownFileType = sourcecode.swift; path = NotificationModel.swift; sourceTree = "<group>"; };
		A394142A283396EE008D5170 /* WorkerProfileView.swift */ = {isa = PBXFileReference; lastKnownFileType = sourcecode.swift; path = WorkerProfileView.swift; sourceTree = "<group>"; };
		A3A1DFB8282A60AB00938A75 /* UserDetailsView.swift */ = {isa = PBXFileReference; lastKnownFileType = sourcecode.swift; path = UserDetailsView.swift; sourceTree = "<group>"; };
		A3A9C5A927FED44B000F96E1 /* TabBarRouter.swift */ = {isa = PBXFileReference; lastKnownFileType = sourcecode.swift; path = TabBarRouter.swift; sourceTree = "<group>"; };
		A3A9C5AB27FED5A3000F96E1 /* CircleButton.swift */ = {isa = PBXFileReference; lastKnownFileType = sourcecode.swift; path = CircleButton.swift; sourceTree = "<group>"; };
		A3A9C5AD27FEF03D000F96E1 /* PlusMenuView.swift */ = {isa = PBXFileReference; lastKnownFileType = sourcecode.swift; path = PlusMenuView.swift; sourceTree = "<group>"; };
		A3A9C5BB280049A8000F96E1 /* DetailPageView.swift */ = {isa = PBXFileReference; lastKnownFileType = sourcecode.swift; path = DetailPageView.swift; sourceTree = "<group>"; };
		A3A9C5BF280076BD000F96E1 /* SplashView.swift */ = {isa = PBXFileReference; lastKnownFileType = sourcecode.swift; path = SplashView.swift; sourceTree = "<group>"; };
		A3A9C5C128041BFE000F96E1 /* MenuButtonView.swift */ = {isa = PBXFileReference; lastKnownFileType = sourcecode.swift; path = MenuButtonView.swift; sourceTree = "<group>"; };
		A3A9C5C528084958000F96E1 /* FilterView.swift */ = {isa = PBXFileReference; lastKnownFileType = sourcecode.swift; path = FilterView.swift; sourceTree = "<group>"; };
		A3A9C5C828085FFD000F96E1 /* DropDown.swift */ = {isa = PBXFileReference; lastKnownFileType = sourcecode.swift; path = DropDown.swift; sourceTree = "<group>"; };
		A3A9C5CA280D5382000F96E1 /* DoubleSlider.swift */ = {isa = PBXFileReference; lastKnownFileType = sourcecode.swift; path = DoubleSlider.swift; sourceTree = "<group>"; };
		A3A9C5CE280DA931000F96E1 /* AddSmthView.swift */ = {isa = PBXFileReference; lastKnownFileType = sourcecode.swift; path = AddSmthView.swift; sourceTree = "<group>"; };
		A3ABC79227FC4CF600138E9C /* JobRowView.swift */ = {isa = PBXFileReference; lastKnownFileType = sourcecode.swift; path = JobRowView.swift; sourceTree = "<group>"; };
		A3ABC79427FC61FD00138E9C /* WorkerModel.swift */ = {isa = PBXFileReference; lastKnownFileType = sourcecode.swift; path = WorkerModel.swift; sourceTree = "<group>"; };
		A3ABC79627FC632F00138E9C /* TestInfo.swift */ = {isa = PBXFileReference; lastKnownFileType = sourcecode.swift; path = TestInfo.swift; sourceTree = "<group>"; };
		A3ABC79927FC6B0900138E9C /* WorkerRowView.swift */ = {isa = PBXFileReference; lastKnownFileType = sourcecode.swift; path = WorkerRowView.swift; sourceTree = "<group>"; };
		A3ABC79B27FC81B000138E9C /* JobListView.swift */ = {isa = PBXFileReference; lastKnownFileType = sourcecode.swift; path = JobListView.swift; sourceTree = "<group>"; };
		A3ABC79D27FC81FD00138E9C /* WorkersListView.swift */ = {isa = PBXFileReference; lastKnownFileType = sourcecode.swift; path = WorkersListView.swift; sourceTree = "<group>"; };
		A3B5F7FD2832865300A198DC /* NotificationsView.swift */ = {isa = PBXFileReference; lastKnownFileType = sourcecode.swift; path = NotificationsView.swift; sourceTree = "<group>"; };
		A3C1C16527F1F06100C216C8 /* CustomTextField.swift */ = {isa = PBXFileReference; lastKnownFileType = sourcecode.swift; path = CustomTextField.swift; sourceTree = "<group>"; };
		A3C1C16727F1F78D00C216C8 /* CustomExternalAuthButton.swift */ = {isa = PBXFileReference; lastKnownFileType = sourcecode.swift; path = CustomExternalAuthButton.swift; sourceTree = "<group>"; };
		A3C1C16927F5957600C216C8 /* CustomButton.swift */ = {isa = PBXFileReference; lastKnownFileType = sourcecode.swift; path = CustomButton.swift; sourceTree = "<group>"; };
		A3C1C16B27F5977500C216C8 /* ORView.swift */ = {isa = PBXFileReference; lastKnownFileType = sourcecode.swift; path = ORView.swift; sourceTree = "<group>"; };
		A3C1C17827F5D41800C216C8 /* FeedView.swift */ = {isa = PBXFileReference; lastKnownFileType = sourcecode.swift; path = FeedView.swift; sourceTree = "<group>"; };
		A3C1C17B27F5D68C00C216C8 /* JobModel.swift */ = {isa = PBXFileReference; lastKnownFileType = sourcecode.swift; path = JobModel.swift; sourceTree = "<group>"; };
		A3C65C842832426100D7C913 /* Welcome.swift */ = {isa = PBXFileReference; lastKnownFileType = sourcecode.swift; path = Welcome.swift; sourceTree = "<group>"; };
		B88F3312283A40AD000263B5 /* NetworkService.swift */ = {isa = PBXFileReference; lastKnownFileType = sourcecode.swift; path = NetworkService.swift; sourceTree = "<group>"; };
		B88F3316283A4922000263B5 /* NetworkServiceImp.swift */ = {isa = PBXFileReference; lastKnownFileType = sourcecode.swift; path = NetworkServiceImp.swift; sourceTree = "<group>"; };
		B88F3318283A4955000263B5 /* NetworkConstants.swift */ = {isa = PBXFileReference; lastKnownFileType = sourcecode.swift; path = NetworkConstants.swift; sourceTree = "<group>"; };
		B88F331B283A4A0C000263B5 /* LoginService.swift */ = {isa = PBXFileReference; lastKnownFileType = sourcecode.swift; path = LoginService.swift; sourceTree = "<group>"; };
		B88F331E283A4A5D000263B5 /* LoginModel.swift */ = {isa = PBXFileReference; lastKnownFileType = sourcecode.swift; path = LoginModel.swift; sourceTree = "<group>"; };
		B88F3320283A4A7F000263B5 /* ResponseModel.swift */ = {isa = PBXFileReference; lastKnownFileType = sourcecode.swift; path = ResponseModel.swift; sourceTree = "<group>"; };
		B88F3324283A7B2B000263B5 /* SignUpModel.swift */ = {isa = PBXFileReference; lastKnownFileType = sourcecode.swift; path = SignUpModel.swift; sourceTree = "<group>"; };
		B88F3326283A7B73000263B5 /* SignUpService.swift */ = {isa = PBXFileReference; lastKnownFileType = sourcecode.swift; path = SignUpService.swift; sourceTree = "<group>"; };
		B88F3329283A7DAE000263B5 /* User.swift */ = {isa = PBXFileReference; lastKnownFileType = sourcecode.swift; path = User.swift; sourceTree = "<group>"; };
		B88F332B283AC897000263B5 /* LoginViewModel.swift */ = {isa = PBXFileReference; lastKnownFileType = sourcecode.swift; path = LoginViewModel.swift; sourceTree = "<group>"; };
		B8E50001284D1D5200BEC700 /* AddWorkerViewModel.swift */ = {isa = PBXFileReference; lastKnownFileType = sourcecode.swift; path = AddWorkerViewModel.swift; sourceTree = "<group>"; };
		B8E5FFE0283B93DB00BEC700 /* FeedViewModel.swift */ = {isa = PBXFileReference; lastKnownFileType = sourcecode.swift; path = FeedViewModel.swift; sourceTree = "<group>"; };
		B8E5FFE3283B93E900BEC700 /* FeedService.swift */ = {isa = PBXFileReference; lastKnownFileType = sourcecode.swift; path = FeedService.swift; sourceTree = "<group>"; };
		B8E5FFE52843B7D000BEC700 /* CommonVars.swift */ = {isa = PBXFileReference; lastKnownFileType = sourcecode.swift; path = CommonVars.swift; sourceTree = "<group>"; };
		B8E5FFE72843B96300BEC700 /* JobListModel.swift */ = {isa = PBXFileReference; lastKnownFileType = sourcecode.swift; path = JobListModel.swift; sourceTree = "<group>"; };
		B8E5FFE92843BA0800BEC700 /* WorkerListModel.swift */ = {isa = PBXFileReference; lastKnownFileType = sourcecode.swift; path = WorkerListModel.swift; sourceTree = "<group>"; };
		B8E5FFEE2843D84700BEC700 /* DetailPageService.swift */ = {isa = PBXFileReference; lastKnownFileType = sourcecode.swift; path = DetailPageService.swift; sourceTree = "<group>"; };
		B8E5FFF02843DA6100BEC700 /* WorkerDetailModel.swift */ = {isa = PBXFileReference; lastKnownFileType = sourcecode.swift; path = WorkerDetailModel.swift; sourceTree = "<group>"; };
		B8E5FFF22843DC1200BEC700 /* WorkerDetailViewModel.swift */ = {isa = PBXFileReference; lastKnownFileType = sourcecode.swift; path = WorkerDetailViewModel.swift; sourceTree = "<group>"; };
		B8E5FFF42844EC9800BEC700 /* JobDetailModel.swift */ = {isa = PBXFileReference; lastKnownFileType = sourcecode.swift; path = JobDetailModel.swift; sourceTree = "<group>"; };
		B8E5FFF62844ED7200BEC700 /* JobDetailViewModel.swift */ = {isa = PBXFileReference; lastKnownFileType = sourcecode.swift; path = JobDetailViewModel.swift; sourceTree = "<group>"; };
		B8E5FFF9284D168A00BEC700 /* AddService.swift */ = {isa = PBXFileReference; lastKnownFileType = sourcecode.swift; path = AddService.swift; sourceTree = "<group>"; };
		B8E5FFFC284D183100BEC700 /* AddWorkerModel.swift */ = {isa = PBXFileReference; lastKnownFileType = sourcecode.swift; path = AddWorkerModel.swift; sourceTree = "<group>"; };
		B8E5FFFF284D1CB900BEC700 /* AddJobModel.swift */ = {isa = PBXFileReference; lastKnownFileType = sourcecode.swift; path = AddJobModel.swift; sourceTree = "<group>"; };
/* End PBXFileReference section */

/* Begin PBXFrameworksBuildPhase section */
		A381835827C4D6ED00D94DD0 /* Frameworks */ = {
			isa = PBXFrameworksBuildPhase;
			buildActionMask = 2147483647;
			files = (
				B88F3311283A4046000263B5 /* Alamofire in Frameworks */,
			);
			runOnlyForDeploymentPostprocessing = 0;
		};
/* End PBXFrameworksBuildPhase section */

/* Begin PBXGroup section */
		A31CDA8928354A740067A796 /* PostedJobs */ = {
			isa = PBXGroup;
			children = (
				A31CDA8A28354A7B0067A796 /* View */,
			);
			path = PostedJobs;
			sourceTree = "<group>";
		};
		A31CDA8A28354A7B0067A796 /* View */ = {
			isa = PBXGroup;
			children = (
				A31CDA8B28354A890067A796 /* PostedJobsView.swift */,
				A31CDA8D2835542D0067A796 /* PostedJobsBox.swift */,
			);
			path = View;
			sourceTree = "<group>";
		};
		A365D7A727FDA34A00AE4647 /* Menu */ = {
			isa = PBXGroup;
			children = (
				A365D7A827FDA35000AE4647 /* View */,
			);
			path = Menu;
			sourceTree = "<group>";
		};
		A365D7A827FDA35000AE4647 /* View */ = {
			isa = PBXGroup;
			children = (
				A365D7A927FDA3D900AE4647 /* MenuView.swift */,
				A3A9C5C128041BFE000F96E1 /* MenuButtonView.swift */,
			);
			path = View;
			sourceTree = "<group>";
		};
		A381835227C4D6ED00D94DD0 = {
			isa = PBXGroup;
			children = (
				A381835D27C4D6ED00D94DD0 /* Gig.md */,
				A381835C27C4D6ED00D94DD0 /* Products */,
			);
			sourceTree = "<group>";
		};
		A381835C27C4D6ED00D94DD0 /* Products */ = {
			isa = PBXGroup;
			children = (
				A381835B27C4D6ED00D94DD0 /* Gig.md.app */,
			);
			name = Products;
			sourceTree = "<group>";
		};
		A381835D27C4D6ED00D94DD0 /* Gig.md */ = {
			isa = PBXGroup;
			children = (
				B88F3314283A48D1000263B5 /* Networking */,
				A3C1C17327F5D3A100C216C8 /* Modules */,
				A3C1C17027F597FD00C216C8 /* Common */,
				A381836C27C4E55100D94DD0 /* Gig-md-Info.plist */,
				A381836227C4D6F500D94DD0 /* Assets.xcassets */,
				A381836427C4D6F500D94DD0 /* Preview Content */,
			);
			path = Gig.md;
			sourceTree = "<group>";
		};
		A381836427C4D6F500D94DD0 /* Preview Content */ = {
			isa = PBXGroup;
			children = (
				A381836527C4D6F500D94DD0 /* Preview Assets.xcassets */,
			);
			path = "Preview Content";
			sourceTree = "<group>";
		};
		A3941428283396D1008D5170 /* WorkerProfile */ = {
			isa = PBXGroup;
			children = (
				A3941429283396DC008D5170 /* View */,
			);
			path = WorkerProfile;
			sourceTree = "<group>";
		};
		A3941429283396DC008D5170 /* View */ = {
			isa = PBXGroup;
			children = (
				A394142A283396EE008D5170 /* WorkerProfileView.swift */,
			);
			path = View;
			sourceTree = "<group>";
		};
		A3A1DFB6282A608800938A75 /* UserDetails */ = {
			isa = PBXGroup;
			children = (
				B88F3328283A7D9F000263B5 /* ViewModel */,
				A3A1DFB7282A609800938A75 /* View */,
			);
			path = UserDetails;
			sourceTree = "<group>";
		};
		A3A1DFB7282A609800938A75 /* View */ = {
			isa = PBXGroup;
			children = (
				A3A1DFB8282A60AB00938A75 /* UserDetailsView.swift */,
			);
			path = View;
			sourceTree = "<group>";
		};
		A3A9C5A827FED43D000F96E1 /* Router */ = {
			isa = PBXGroup;
			children = (
				A3A9C5A927FED44B000F96E1 /* TabBarRouter.swift */,
			);
			path = Router;
			sourceTree = "<group>";
		};
		A3A9C5B127FEFD2B000F96E1 /* Jobs */ = {
			isa = PBXGroup;
			children = (
				A3ABC79B27FC81B000138E9C /* JobListView.swift */,
				A3ABC79227FC4CF600138E9C /* JobRowView.swift */,
			);
			path = Jobs;
			sourceTree = "<group>";
		};
		A3A9C5B227FEFD2F000F96E1 /* Workers */ = {
			isa = PBXGroup;
			children = (
				A3ABC79927FC6B0900138E9C /* WorkerRowView.swift */,
				A3ABC79D27FC81FD00138E9C /* WorkersListView.swift */,
			);
			path = Workers;
			sourceTree = "<group>";
		};
		A3A9C5B92800498E000F96E1 /* DetailPage */ = {
			isa = PBXGroup;
			children = (
				B8E5FFED2843D82E00BEC700 /* Service */,
				B8E5FFEC2843D82400BEC700 /* Model */,
				B8E5FFEB2843D81B00BEC700 /* ViewModel */,
				A3A9C5BA28004999000F96E1 /* View */,
			);
			path = DetailPage;
			sourceTree = "<group>";
		};
		A3A9C5BA28004999000F96E1 /* View */ = {
			isa = PBXGroup;
			children = (
				A3A9C5BB280049A8000F96E1 /* DetailPageView.swift */,
				A30030C32822ADB400784D02 /* JobDetailPage.swift */,
			);
			path = View;
			sourceTree = "<group>";
		};
		A3A9C5BD280076A9000F96E1 /* Splash */ = {
			isa = PBXGroup;
			children = (
				A3A9C5BE280076B0000F96E1 /* View */,
			);
			path = Splash;
			sourceTree = "<group>";
		};
		A3A9C5BE280076B0000F96E1 /* View */ = {
			isa = PBXGroup;
			children = (
				A3A9C5BF280076BD000F96E1 /* SplashView.swift */,
			);
			path = View;
			sourceTree = "<group>";
		};
		A3A9C5C328084948000F96E1 /* Filter */ = {
			isa = PBXGroup;
			children = (
				A3A9C5C42808494D000F96E1 /* View */,
			);
			path = Filter;
			sourceTree = "<group>";
		};
		A3A9C5C42808494D000F96E1 /* View */ = {
			isa = PBXGroup;
			children = (
				A3A9C5C528084958000F96E1 /* FilterView.swift */,
				A3A9C5C828085FFD000F96E1 /* DropDown.swift */,
			);
			path = View;
			sourceTree = "<group>";
		};
		A3A9C5CC280DA919000F96E1 /* Add */ = {
			isa = PBXGroup;
			children = (
				B8E5FFFE284D1C9000BEC700 /* ViewModel */,
				B8E5FFFB284D182300BEC700 /* Model */,
				B8E5FFF8284D167400BEC700 /* Services */,
				A3A9C5CD280DA923000F96E1 /* View */,
			);
			path = Add;
			sourceTree = "<group>";
		};
		A3A9C5CD280DA923000F96E1 /* View */ = {
			isa = PBXGroup;
			children = (
				A3A9C5CE280DA931000F96E1 /* AddSmthView.swift */,
				A30030C52823D3CF00784D02 /* AddJobView.swift */,
			);
			path = View;
			sourceTree = "<group>";
		};
		A3B5F7FC2832863A00A198DC /* Notifications */ = {
			isa = PBXGroup;
			children = (
				A3B5F7FD2832865300A198DC /* NotificationsView.swift */,
				A3941426283297F5008D5170 /* NotificationModel.swift */,
				A3941424283297BF008D5170 /* NotificationBox.swift */,
			);
			path = Notifications;
			sourceTree = "<group>";
		};
		A3C1C16D27F597D900C216C8 /* LoginModule */ = {
			isa = PBXGroup;
			children = (
				B88F331D283A4A54000263B5 /* Model */,
				B88F331A283A4A00000263B5 /* Service */,
				A3C1C16E27F597E200C216C8 /* View */,
				B88F332B283AC897000263B5 /* LoginViewModel.swift */,
			);
			path = LoginModule;
			sourceTree = "<group>";
		};
		A3C1C16E27F597E200C216C8 /* View */ = {
			isa = PBXGroup;
			children = (
				A381836D27C4EF7E00D94DD0 /* LoginView.swift */,
			);
			path = View;
			sourceTree = "<group>";
		};
		A3C1C16F27F597F800C216C8 /* SignUp */ = {
			isa = PBXGroup;
			children = (
				B88F3323283A7ACA000263B5 /* SignUpModel */,
				B88F3322283A7ABB000263B5 /* SignUpService */,
				A3A1DFB6282A608800938A75 /* UserDetails */,
				A3C1C17127F5980700C216C8 /* View */,
			);
			path = SignUp;
			sourceTree = "<group>";
		};
		A3C1C17027F597FD00C216C8 /* Common */ = {
			isa = PBXGroup;
			children = (
				A3C65C842832426100D7C913 /* Welcome.swift */,
				A381835E27C4D6ED00D94DD0 /* Gig_mdApp.swift */,
				A3ABC79627FC632F00138E9C /* TestInfo.swift */,
				A3C1C17227F5985F00C216C8 /* UI */,
				B8E5FFE52843B7D000BEC700 /* CommonVars.swift */,
			);
			path = Common;
			sourceTree = "<group>";
		};
		A3C1C17127F5980700C216C8 /* View */ = {
			isa = PBXGroup;
			children = (
				A381836F27C4FED100D94DD0 /* SignUpView.swift */,
			);
			path = View;
			sourceTree = "<group>";
		};
		A3C1C17227F5985F00C216C8 /* UI */ = {
			isa = PBXGroup;
			children = (
				A3C1C16B27F5977500C216C8 /* ORView.swift */,
				A3A9C5CA280D5382000F96E1 /* DoubleSlider.swift */,
				A3C1C16527F1F06100C216C8 /* CustomTextField.swift */,
				A381837127C5034C00D94DD0 /* Checkbox.swift */,
				A3C1C16727F1F78D00C216C8 /* CustomExternalAuthButton.swift */,
				A3C1C16927F5957600C216C8 /* CustomButton.swift */,
				A365D7A527FD88AA00AE4647 /* FavoritesButton.swift */,
				A33A396427FDD77D00FEC51C /* TabBarIcon.swift */,
				A3A9C5AB27FED5A3000F96E1 /* CircleButton.swift */,
			);
			path = UI;
			sourceTree = "<group>";
		};
		A3C1C17327F5D3A100C216C8 /* Modules */ = {
			isa = PBXGroup;
			children = (
				A31CDA8928354A740067A796 /* PostedJobs */,
				A3941428283396D1008D5170 /* WorkerProfile */,
				A3B5F7FC2832863A00A198DC /* Notifications */,
				A3A9C5CC280DA919000F96E1 /* Add */,
				A3A9C5C328084948000F96E1 /* Filter */,
				A3A9C5BD280076A9000F96E1 /* Splash */,
				A3A9C5B92800498E000F96E1 /* DetailPage */,
				A365D7A727FDA34A00AE4647 /* Menu */,
				A3C1C17627F5D3FA00C216C8 /* Feed */,
				A3C1C16D27F597D900C216C8 /* LoginModule */,
				A3C1C16F27F597F800C216C8 /* SignUp */,
			);
			path = Modules;
			sourceTree = "<group>";
		};
		A3C1C17627F5D3FA00C216C8 /* Feed */ = {
			isa = PBXGroup;
			children = (
				B8E5FFE2283B93DF00BEC700 /* Service */,
				B8E5FFDF283B93C700BEC700 /* ViewModel */,
				A3A9C5A827FED43D000F96E1 /* Router */,
				A3C1C17A27F5D67E00C216C8 /* Model */,
				A3C1C17727F5D40A00C216C8 /* View */,
			);
			path = Feed;
			sourceTree = "<group>";
		};
		A3C1C17727F5D40A00C216C8 /* View */ = {
			isa = PBXGroup;
			children = (
				A3A9C5B227FEFD2F000F96E1 /* Workers */,
				A3A9C5B127FEFD2B000F96E1 /* Jobs */,
				A3C1C17827F5D41800C216C8 /* FeedView.swift */,
				A3A9C5AD27FEF03D000F96E1 /* PlusMenuView.swift */,
			);
			path = View;
			sourceTree = "<group>";
		};
		A3C1C17A27F5D67E00C216C8 /* Model */ = {
			isa = PBXGroup;
			children = (
				A3C1C17B27F5D68C00C216C8 /* JobModel.swift */,
				A3ABC79427FC61FD00138E9C /* WorkerModel.swift */,
				B8E5FFE72843B96300BEC700 /* JobListModel.swift */,
				B8E5FFE92843BA0800BEC700 /* WorkerListModel.swift */,
			);
			path = Model;
			sourceTree = "<group>";
		};
		B88F3314283A48D1000263B5 /* Networking */ = {
			isa = PBXGroup;
			children = (
				B88F3312283A40AD000263B5 /* NetworkService.swift */,
				B88F3316283A4922000263B5 /* NetworkServiceImp.swift */,
				B88F3318283A4955000263B5 /* NetworkConstants.swift */,
			);
			path = Networking;
			sourceTree = "<group>";
		};
		B88F331A283A4A00000263B5 /* Service */ = {
			isa = PBXGroup;
			children = (
				B88F331B283A4A0C000263B5 /* LoginService.swift */,
			);
			path = Service;
			sourceTree = "<group>";
		};
		B88F331D283A4A54000263B5 /* Model */ = {
			isa = PBXGroup;
			children = (
				B88F331E283A4A5D000263B5 /* LoginModel.swift */,
				B88F3320283A4A7F000263B5 /* ResponseModel.swift */,
			);
			path = Model;
			sourceTree = "<group>";
		};
		B88F3322283A7ABB000263B5 /* SignUpService */ = {
			isa = PBXGroup;
			children = (
				B88F3326283A7B73000263B5 /* SignUpService.swift */,
			);
			path = SignUpService;
			sourceTree = "<group>";
		};
		B88F3323283A7ACA000263B5 /* SignUpModel */ = {
			isa = PBXGroup;
			children = (
				B88F3324283A7B2B000263B5 /* SignUpModel.swift */,
			);
			path = SignUpModel;
			sourceTree = "<group>";
		};
		B88F3328283A7D9F000263B5 /* ViewModel */ = {
			isa = PBXGroup;
			children = (
				B88F3329283A7DAE000263B5 /* User.swift */,
			);
			path = ViewModel;
			sourceTree = "<group>";
		};
		B8E5FFDF283B93C700BEC700 /* ViewModel */ = {
			isa = PBXGroup;
			children = (
				B8E5FFE0283B93DB00BEC700 /* FeedViewModel.swift */,
			);
			path = ViewModel;
			sourceTree = "<group>";
		};
		B8E5FFE2283B93DF00BEC700 /* Service */ = {
			isa = PBXGroup;
			children = (
				B8E5FFE3283B93E900BEC700 /* FeedService.swift */,
			);
			path = Service;
			sourceTree = "<group>";
		};
		B8E5FFEB2843D81B00BEC700 /* ViewModel */ = {
			isa = PBXGroup;
			children = (
				B8E5FFF22843DC1200BEC700 /* WorkerDetailViewModel.swift */,
				B8E5FFF62844ED7200BEC700 /* JobDetailViewModel.swift */,
			);
			path = ViewModel;
			sourceTree = "<group>";
		};
		B8E5FFEC2843D82400BEC700 /* Model */ = {
			isa = PBXGroup;
			children = (
				B8E5FFF02843DA6100BEC700 /* WorkerDetailModel.swift */,
				B8E5FFF42844EC9800BEC700 /* JobDetailModel.swift */,
			);
			path = Model;
			sourceTree = "<group>";
		};
		B8E5FFED2843D82E00BEC700 /* Service */ = {
			isa = PBXGroup;
			children = (
				B8E5FFEE2843D84700BEC700 /* DetailPageService.swift */,
			);
			path = Service;
			sourceTree = "<group>";
		};
		B8E5FFF8284D167400BEC700 /* Services */ = {
			isa = PBXGroup;
			children = (
				B8E5FFF9284D168A00BEC700 /* AddService.swift */,
			);
			path = Services;
			sourceTree = "<group>";
		};
		B8E5FFFB284D182300BEC700 /* Model */ = {
			isa = PBXGroup;
			children = (
				B8E5FFFC284D183100BEC700 /* AddWorkerModel.swift */,
				B8E5FFFF284D1CB900BEC700 /* AddJobModel.swift */,
			);
			path = Model;
			sourceTree = "<group>";
		};
		B8E5FFFE284D1C9000BEC700 /* ViewModel */ = {
			isa = PBXGroup;
			children = (
				B8E50001284D1D5200BEC700 /* AddWorkerViewModel.swift */,
			);
			path = ViewModel;
			sourceTree = "<group>";
		};
/* End PBXGroup section */

/* Begin PBXNativeTarget section */
		A381835A27C4D6ED00D94DD0 /* Gig.md */ = {
			isa = PBXNativeTarget;
			buildConfigurationList = A381836927C4D6F500D94DD0 /* Build configuration list for PBXNativeTarget "Gig.md" */;
			buildPhases = (
				A381835727C4D6ED00D94DD0 /* Sources */,
				A381835827C4D6ED00D94DD0 /* Frameworks */,
				A381835927C4D6ED00D94DD0 /* Resources */,
			);
			buildRules = (
			);
			dependencies = (
			);
			name = Gig.md;
			packageProductDependencies = (
				B88F3310283A4046000263B5 /* Alamofire */,
			);
			productName = Gig.md;
			productReference = A381835B27C4D6ED00D94DD0 /* Gig.md.app */;
			productType = "com.apple.product-type.application";
		};
/* End PBXNativeTarget section */

/* Begin PBXProject section */
		A381835327C4D6ED00D94DD0 /* Project object */ = {
			isa = PBXProject;
			attributes = {
				BuildIndependentTargetsInParallel = 1;
				LastSwiftUpdateCheck = 1320;
				LastUpgradeCheck = 1320;
				TargetAttributes = {
					A381835A27C4D6ED00D94DD0 = {
						CreatedOnToolsVersion = 13.2.1;
					};
				};
			};
			buildConfigurationList = A381835627C4D6ED00D94DD0 /* Build configuration list for PBXProject "Gig.md" */;
			compatibilityVersion = "Xcode 13.0";
			developmentRegion = en;
			hasScannedForEncodings = 0;
			knownRegions = (
				en,
				Base,
			);
			mainGroup = A381835227C4D6ED00D94DD0;
			packageReferences = (
				B88F330F283A4045000263B5 /* XCRemoteSwiftPackageReference "Alamofire" */,
			);
			productRefGroup = A381835C27C4D6ED00D94DD0 /* Products */;
			projectDirPath = "";
			projectRoot = "";
			targets = (
				A381835A27C4D6ED00D94DD0 /* Gig.md */,
			);
		};
/* End PBXProject section */

/* Begin PBXResourcesBuildPhase section */
		A381835927C4D6ED00D94DD0 /* Resources */ = {
			isa = PBXResourcesBuildPhase;
			buildActionMask = 2147483647;
			files = (
				A381836627C4D6F500D94DD0 /* Preview Assets.xcassets in Resources */,
				A381836327C4D6F500D94DD0 /* Assets.xcassets in Resources */,
			);
			runOnlyForDeploymentPostprocessing = 0;
		};
/* End PBXResourcesBuildPhase section */

/* Begin PBXSourcesBuildPhase section */
		A381835727C4D6ED00D94DD0 /* Sources */ = {
			isa = PBXSourcesBuildPhase;
			buildActionMask = 2147483647;
			files = (
				B8E5FFFD284D183200BEC700 /* AddWorkerModel.swift in Sources */,
				B8E5FFE1283B93DB00BEC700 /* FeedViewModel.swift in Sources */,
				B8E5FFF32843DC1200BEC700 /* WorkerDetailViewModel.swift in Sources */,
				B88F3319283A4955000263B5 /* NetworkConstants.swift in Sources */,
				A3A9C5AA27FED44B000F96E1 /* TabBarRouter.swift in Sources */,
				B8E50002284D1D5200BEC700 /* AddWorkerViewModel.swift in Sources */,
				A3C65C852832426100D7C913 /* Welcome.swift in Sources */,
				A3A1DFB9282A60AB00938A75 /* UserDetailsView.swift in Sources */,
				A3C1C17927F5D41800C216C8 /* FeedView.swift in Sources */,
				A3A9C5C0280076BD000F96E1 /* SplashView.swift in Sources */,
				B8E5FFEA2843BA0800BEC700 /* WorkerListModel.swift in Sources */,
				A3A9C5C228041BFE000F96E1 /* MenuButtonView.swift in Sources */,
				A3A9C5C628084958000F96E1 /* FilterView.swift in Sources */,
				A3ABC79727FC632F00138E9C /* TestInfo.swift in Sources */,
				A30030C42822ADB400784D02 /* JobDetailPage.swift in Sources */,
				A3C1C16627F1F06100C216C8 /* CustomTextField.swift in Sources */,
				B88F3313283A40AD000263B5 /* NetworkService.swift in Sources */,
				A365D7AA27FDA3D900AE4647 /* MenuView.swift in Sources */,
				A3C1C16C27F5977500C216C8 /* ORView.swift in Sources */,
				A30030C62823D3CF00784D02 /* AddJobView.swift in Sources */,
				A381837027C4FED100D94DD0 /* SignUpView.swift in Sources */,
				B88F3327283A7B73000263B5 /* SignUpService.swift in Sources */,
				A3ABC79E27FC81FD00138E9C /* WorkersListView.swift in Sources */,
				A3ABC79527FC61FD00138E9C /* WorkerModel.swift in Sources */,
				B8E5FFEF2843D84700BEC700 /* DetailPageService.swift in Sources */,
				A31CDA8E2835542D0067A796 /* PostedJobsBox.swift in Sources */,
				B88F332A283A7DAE000263B5 /* User.swift in Sources */,
				B8E5FFF72844ED7200BEC700 /* JobDetailViewModel.swift in Sources */,
				B8E5FFF12843DA6100BEC700 /* WorkerDetailModel.swift in Sources */,
				A3C1C16A27F5957600C216C8 /* CustomButton.swift in Sources */,
				B88F3317283A4922000263B5 /* NetworkServiceImp.swift in Sources */,
				A31CDA8C28354A890067A796 /* PostedJobsView.swift in Sources */,
				A3B5F7FE2832865300A198DC /* NotificationsView.swift in Sources */,
				A3941427283297F5008D5170 /* NotificationModel.swift in Sources */,
				A3ABC79327FC4CF600138E9C /* JobRowView.swift in Sources */,
				B8E5FFE62843B7D000BEC700 /* CommonVars.swift in Sources */,
				B88F3325283A7B2B000263B5 /* SignUpModel.swift in Sources */,
				B8E5FFF52844EC9800BEC700 /* JobDetailModel.swift in Sources */,
				B88F331F283A4A5D000263B5 /* LoginModel.swift in Sources */,
				B8E5FFFA284D168A00BEC700 /* AddService.swift in Sources */,
				A3A9C5CF280DA931000F96E1 /* AddSmthView.swift in Sources */,
				A3ABC79A27FC6B0900138E9C /* WorkerRowView.swift in Sources */,
				B88F3321283A4A7F000263B5 /* ResponseModel.swift in Sources */,
				A3A9C5AC27FED5A3000F96E1 /* CircleButton.swift in Sources */,
				A381836E27C4EF7E00D94DD0 /* LoginView.swift in Sources */,
				B88F332C283AC897000263B5 /* LoginViewModel.swift in Sources */,
				A3C1C17C27F5D68C00C216C8 /* JobModel.swift in Sources */,
				A3A9C5AE27FEF03D000F96E1 /* PlusMenuView.swift in Sources */,
				A3C1C16827F1F78D00C216C8 /* CustomExternalAuthButton.swift in Sources */,
				A3A9C5BC280049A8000F96E1 /* DetailPageView.swift in Sources */,
				A381835F27C4D6ED00D94DD0 /* Gig_mdApp.swift in Sources */,
				A33A396527FDD77D00FEC51C /* TabBarIcon.swift in Sources */,
				A394142B283396EF008D5170 /* WorkerProfileView.swift in Sources */,
				A3A9C5CB280D5382000F96E1 /* DoubleSlider.swift in Sources */,
				A365D7A627FD88AA00AE4647 /* FavoritesButton.swift in Sources */,
				A3ABC79C27FC81B000138E9C /* JobListView.swift in Sources */,
				A3941425283297BF008D5170 /* NotificationBox.swift in Sources */,
				A3A9C5C928085FFD000F96E1 /* DropDown.swift in Sources */,
				B8E50000284D1CB900BEC700 /* AddJobModel.swift in Sources */,
				B88F331C283A4A0C000263B5 /* LoginService.swift in Sources */,
				B8E5FFE82843B96300BEC700 /* JobListModel.swift in Sources */,
				A381837227C5034C00D94DD0 /* Checkbox.swift in Sources */,
				B8E5FFE4283B93E900BEC700 /* FeedService.swift in Sources */,
			);
			runOnlyForDeploymentPostprocessing = 0;
		};
/* End PBXSourcesBuildPhase section */

/* Begin XCBuildConfiguration section */
		A381836727C4D6F500D94DD0 /* Debug */ = {
			isa = XCBuildConfiguration;
			buildSettings = {
				ALWAYS_SEARCH_USER_PATHS = NO;
				CLANG_ANALYZER_NONNULL = YES;
				CLANG_ANALYZER_NUMBER_OBJECT_CONVERSION = YES_AGGRESSIVE;
				CLANG_CXX_LANGUAGE_STANDARD = "gnu++17";
				CLANG_CXX_LIBRARY = "libc++";
				CLANG_ENABLE_MODULES = YES;
				CLANG_ENABLE_OBJC_ARC = YES;
				CLANG_ENABLE_OBJC_WEAK = YES;
				CLANG_WARN_BLOCK_CAPTURE_AUTORELEASING = YES;
				CLANG_WARN_BOOL_CONVERSION = YES;
				CLANG_WARN_COMMA = YES;
				CLANG_WARN_CONSTANT_CONVERSION = YES;
				CLANG_WARN_DEPRECATED_OBJC_IMPLEMENTATIONS = YES;
				CLANG_WARN_DIRECT_OBJC_ISA_USAGE = YES_ERROR;
				CLANG_WARN_DOCUMENTATION_COMMENTS = YES;
				CLANG_WARN_EMPTY_BODY = YES;
				CLANG_WARN_ENUM_CONVERSION = YES;
				CLANG_WARN_INFINITE_RECURSION = YES;
				CLANG_WARN_INT_CONVERSION = YES;
				CLANG_WARN_NON_LITERAL_NULL_CONVERSION = YES;
				CLANG_WARN_OBJC_IMPLICIT_RETAIN_SELF = YES;
				CLANG_WARN_OBJC_LITERAL_CONVERSION = YES;
				CLANG_WARN_OBJC_ROOT_CLASS = YES_ERROR;
				CLANG_WARN_QUOTED_INCLUDE_IN_FRAMEWORK_HEADER = YES;
				CLANG_WARN_RANGE_LOOP_ANALYSIS = YES;
				CLANG_WARN_STRICT_PROTOTYPES = YES;
				CLANG_WARN_SUSPICIOUS_MOVE = YES;
				CLANG_WARN_UNGUARDED_AVAILABILITY = YES_AGGRESSIVE;
				CLANG_WARN_UNREACHABLE_CODE = YES;
				CLANG_WARN__DUPLICATE_METHOD_MATCH = YES;
				COPY_PHASE_STRIP = NO;
				DEBUG_INFORMATION_FORMAT = dwarf;
				ENABLE_STRICT_OBJC_MSGSEND = YES;
				ENABLE_TESTABILITY = YES;
				GCC_C_LANGUAGE_STANDARD = gnu11;
				GCC_DYNAMIC_NO_PIC = NO;
				GCC_NO_COMMON_BLOCKS = YES;
				GCC_OPTIMIZATION_LEVEL = 0;
				GCC_PREPROCESSOR_DEFINITIONS = (
					"DEBUG=1",
					"$(inherited)",
				);
				GCC_WARN_64_TO_32_BIT_CONVERSION = YES;
				GCC_WARN_ABOUT_RETURN_TYPE = YES_ERROR;
				GCC_WARN_UNDECLARED_SELECTOR = YES;
				GCC_WARN_UNINITIALIZED_AUTOS = YES_AGGRESSIVE;
				GCC_WARN_UNUSED_FUNCTION = YES;
				GCC_WARN_UNUSED_VARIABLE = YES;
				IPHONEOS_DEPLOYMENT_TARGET = 15.2;
				MTL_ENABLE_DEBUG_INFO = INCLUDE_SOURCE;
				MTL_FAST_MATH = YES;
				ONLY_ACTIVE_ARCH = YES;
				SDKROOT = iphoneos;
				SWIFT_ACTIVE_COMPILATION_CONDITIONS = DEBUG;
				SWIFT_OPTIMIZATION_LEVEL = "-Onone";
			};
			name = Debug;
		};
		A381836827C4D6F500D94DD0 /* Release */ = {
			isa = XCBuildConfiguration;
			buildSettings = {
				ALWAYS_SEARCH_USER_PATHS = NO;
				CLANG_ANALYZER_NONNULL = YES;
				CLANG_ANALYZER_NUMBER_OBJECT_CONVERSION = YES_AGGRESSIVE;
				CLANG_CXX_LANGUAGE_STANDARD = "gnu++17";
				CLANG_CXX_LIBRARY = "libc++";
				CLANG_ENABLE_MODULES = YES;
				CLANG_ENABLE_OBJC_ARC = YES;
				CLANG_ENABLE_OBJC_WEAK = YES;
				CLANG_WARN_BLOCK_CAPTURE_AUTORELEASING = YES;
				CLANG_WARN_BOOL_CONVERSION = YES;
				CLANG_WARN_COMMA = YES;
				CLANG_WARN_CONSTANT_CONVERSION = YES;
				CLANG_WARN_DEPRECATED_OBJC_IMPLEMENTATIONS = YES;
				CLANG_WARN_DIRECT_OBJC_ISA_USAGE = YES_ERROR;
				CLANG_WARN_DOCUMENTATION_COMMENTS = YES;
				CLANG_WARN_EMPTY_BODY = YES;
				CLANG_WARN_ENUM_CONVERSION = YES;
				CLANG_WARN_INFINITE_RECURSION = YES;
				CLANG_WARN_INT_CONVERSION = YES;
				CLANG_WARN_NON_LITERAL_NULL_CONVERSION = YES;
				CLANG_WARN_OBJC_IMPLICIT_RETAIN_SELF = YES;
				CLANG_WARN_OBJC_LITERAL_CONVERSION = YES;
				CLANG_WARN_OBJC_ROOT_CLASS = YES_ERROR;
				CLANG_WARN_QUOTED_INCLUDE_IN_FRAMEWORK_HEADER = YES;
				CLANG_WARN_RANGE_LOOP_ANALYSIS = YES;
				CLANG_WARN_STRICT_PROTOTYPES = YES;
				CLANG_WARN_SUSPICIOUS_MOVE = YES;
				CLANG_WARN_UNGUARDED_AVAILABILITY = YES_AGGRESSIVE;
				CLANG_WARN_UNREACHABLE_CODE = YES;
				CLANG_WARN__DUPLICATE_METHOD_MATCH = YES;
				COPY_PHASE_STRIP = NO;
				DEBUG_INFORMATION_FORMAT = "dwarf-with-dsym";
				ENABLE_NS_ASSERTIONS = NO;
				ENABLE_STRICT_OBJC_MSGSEND = YES;
				GCC_C_LANGUAGE_STANDARD = gnu11;
				GCC_NO_COMMON_BLOCKS = YES;
				GCC_WARN_64_TO_32_BIT_CONVERSION = YES;
				GCC_WARN_ABOUT_RETURN_TYPE = YES_ERROR;
				GCC_WARN_UNDECLARED_SELECTOR = YES;
				GCC_WARN_UNINITIALIZED_AUTOS = YES_AGGRESSIVE;
				GCC_WARN_UNUSED_FUNCTION = YES;
				GCC_WARN_UNUSED_VARIABLE = YES;
				IPHONEOS_DEPLOYMENT_TARGET = 15.2;
				MTL_ENABLE_DEBUG_INFO = NO;
				MTL_FAST_MATH = YES;
				SDKROOT = iphoneos;
				SWIFT_COMPILATION_MODE = wholemodule;
				SWIFT_OPTIMIZATION_LEVEL = "-O";
				VALIDATE_PRODUCT = YES;
			};
			name = Release;
		};
		A381836A27C4D6F500D94DD0 /* Debug */ = {
			isa = XCBuildConfiguration;
			buildSettings = {
				ASSETCATALOG_COMPILER_APPICON_NAME = AppIcon;
				ASSETCATALOG_COMPILER_GLOBAL_ACCENT_COLOR_NAME = AccentColor;
				CODE_SIGN_IDENTITY = "Apple Development";
				CODE_SIGN_STYLE = Automatic;
				CURRENT_PROJECT_VERSION = 1;
				DEVELOPMENT_ASSET_PATHS = "\"Gig.md/Preview Content\"";
				DEVELOPMENT_TEAM = 9N46U6CY6A;
				ENABLE_PREVIEWS = YES;
				GENERATE_INFOPLIST_FILE = YES;
				INFOPLIST_FILE = "Gig-md-Info.plist";
				INFOPLIST_KEY_UIApplicationSceneManifest_Generation = YES;
				INFOPLIST_KEY_UIApplicationSupportsIndirectInputEvents = YES;
				INFOPLIST_KEY_UISupportedInterfaceOrientations_iPad = "UIInterfaceOrientationPortrait UIInterfaceOrientationPortraitUpsideDown UIInterfaceOrientationLandscapeLeft UIInterfaceOrientationLandscapeRight";
				INFOPLIST_KEY_UISupportedInterfaceOrientations_iPhone = "UIInterfaceOrientationPortrait UIInterfaceOrientationLandscapeLeft UIInterfaceOrientationLandscapeRight";
				LD_RUNPATH_SEARCH_PATHS = (
					"$(inherited)",
					"@executable_path/Frameworks",
				);
				MARKETING_VERSION = 1.0;
				PRODUCT_BUNDLE_IDENTIFIER = "victoriabelinschi.Gig-md";
				PRODUCT_NAME = "$(TARGET_NAME)";
				PROVISIONING_PROFILE_SPECIFIER = "";
				SWIFT_EMIT_LOC_STRINGS = YES;
				SWIFT_VERSION = 5.0;
				TARGETED_DEVICE_FAMILY = "1,2";
			};
			name = Debug;
		};
		A381836B27C4D6F500D94DD0 /* Release */ = {
			isa = XCBuildConfiguration;
			buildSettings = {
				ASSETCATALOG_COMPILER_APPICON_NAME = AppIcon;
				ASSETCATALOG_COMPILER_GLOBAL_ACCENT_COLOR_NAME = AccentColor;
				CODE_SIGN_IDENTITY = "Apple Development";
				CODE_SIGN_STYLE = Automatic;
				CURRENT_PROJECT_VERSION = 1;
				DEVELOPMENT_ASSET_PATHS = "\"Gig.md/Preview Content\"";
				DEVELOPMENT_TEAM = 9N46U6CY6A;
				ENABLE_PREVIEWS = YES;
				GENERATE_INFOPLIST_FILE = YES;
				INFOPLIST_FILE = "Gig-md-Info.plist";
				INFOPLIST_KEY_UIApplicationSceneManifest_Generation = YES;
				INFOPLIST_KEY_UIApplicationSupportsIndirectInputEvents = YES;
				INFOPLIST_KEY_UISupportedInterfaceOrientations_iPad = "UIInterfaceOrientationPortrait UIInterfaceOrientationPortraitUpsideDown UIInterfaceOrientationLandscapeLeft UIInterfaceOrientationLandscapeRight";
				INFOPLIST_KEY_UISupportedInterfaceOrientations_iPhone = "UIInterfaceOrientationPortrait UIInterfaceOrientationLandscapeLeft UIInterfaceOrientationLandscapeRight";
				LD_RUNPATH_SEARCH_PATHS = (
					"$(inherited)",
					"@executable_path/Frameworks",
				);
				MARKETING_VERSION = 1.0;
				PRODUCT_BUNDLE_IDENTIFIER = "victoriabelinschi.Gig-md";
				PRODUCT_NAME = "$(TARGET_NAME)";
				PROVISIONING_PROFILE_SPECIFIER = "";
				SWIFT_EMIT_LOC_STRINGS = YES;
				SWIFT_VERSION = 5.0;
				TARGETED_DEVICE_FAMILY = "1,2";
			};
			name = Release;
		};
/* End XCBuildConfiguration section */

/* Begin XCConfigurationList section */
		A381835627C4D6ED00D94DD0 /* Build configuration list for PBXProject "Gig.md" */ = {
			isa = XCConfigurationList;
			buildConfigurations = (
				A381836727C4D6F500D94DD0 /* Debug */,
				A381836827C4D6F500D94DD0 /* Release */,
			);
			defaultConfigurationIsVisible = 0;
			defaultConfigurationName = Release;
		};
		A381836927C4D6F500D94DD0 /* Build configuration list for PBXNativeTarget "Gig.md" */ = {
			isa = XCConfigurationList;
			buildConfigurations = (
				A381836A27C4D6F500D94DD0 /* Debug */,
				A381836B27C4D6F500D94DD0 /* Release */,
			);
			defaultConfigurationIsVisible = 0;
			defaultConfigurationName = Release;
		};
/* End XCConfigurationList section */

/* Begin XCRemoteSwiftPackageReference section */
		B88F330F283A4045000263B5 /* XCRemoteSwiftPackageReference "Alamofire" */ = {
			isa = XCRemoteSwiftPackageReference;
			repositoryURL = "https://github.com/Alamofire/Alamofire.git";
			requirement = {
				branch = master;
				kind = branch;
			};
		};
/* End XCRemoteSwiftPackageReference section */

/* Begin XCSwiftPackageProductDependency section */
		B88F3310283A4046000263B5 /* Alamofire */ = {
			isa = XCSwiftPackageProductDependency;
			package = B88F330F283A4045000263B5 /* XCRemoteSwiftPackageReference "Alamofire" */;
			productName = Alamofire;
		};
/* End XCSwiftPackageProductDependency section */
	};
	rootObject = A381835327C4D6ED00D94DD0 /* Project object */;
}
